
Microsoft Visual Studio Solution File, Format Version 12.00
# Visual Studio Version 16
VisualStudioVersion = 16.0.28922.388
MinimumVisualStudioVersion = 10.0.40219.1
Project("{8BC9CEB8-8B4A-11D0-8D11-00A0C91BC942}") = "排序A1025", "排序A1025\排序A1025.vcxproj", "{09C246DF-B9A7-41DF-8E69-76F17685C652}"
EndProject
Project("{8BC9CEB8-8B4A-11D0-8D11-00A0C91BC942}") = "排列B1015", "排列B1015\排列B1015.vcxproj", "{07CB226B-7A23-4F8E-A9F3-AF70C3FDBF52}"
EndProject
Project("{8BC9CEB8-8B4A-11D0-8D11-00A0C91BC942}") = "排序A1012", "排序A1012\排序A1012.vcxproj", "{07249AFA-4554-44BE-91EC-1E8CBE90ABAB}"
EndProject
Project("{8BC9CEB8-8B4A-11D0-8D11-00A0C91BC942}") = "排序A1016", "排序A1016\排序A1016.vcxproj", "{FA366806-01C4-4A6B-8E80-167E772B1EA2}"
EndProject
Project("{8BC9CEB8-8B4A-11D0-8D11-00A0C91BC942}") = "排序A1028", "排序A1028\排序A1028.vcxproj", "{6795B950-79A1-4419-A017-6944D438CE94}"
EndProject
Project("{8BC9CEB8-8B4A-11D0-8D11-00A0C91BC942}") = "排序A1055", "排序A1055\排序A1055.vcxproj", "{567B4684-F663-4285-BD61-61F26FB55BB0}"
EndProject
Project("{8BC9CEB8-8B4A-11D0-8D11-00A0C91BC942}") = "排序A1075", "排序A1075\排序A1075.vcxproj", "{5D54BD17-38C3-4194-AEA8-7746D24A0E3A}"
EndProject
Global
	GlobalSection(SolutionConfigurationPlatforms) = preSolution
		Debug|x64 = Debug|x64
		Debug|x86 = Debug|x86
		Release|x64 = Release|x64
		Release|x86 = Release|x86
	EndGlobalSection
	GlobalSection(ProjectConfigurationPlatforms) = postSolution
		{09C246DF-B9A7-41DF-8E69-76F17685C652}.Debug|x64.ActiveCfg = Debug|x64
		{09C246DF-B9A7-41DF-8E69-76F17685C652}.Debug|x64.Build.0 = Debug|x64
		{09C246DF-B9A7-41DF-8E69-76F17685C652}.Debug|x86.ActiveCfg = Debug|Win32
		{09C246DF-B9A7-41DF-8E69-76F17685C652}.Debug|x86.Build.0 = Debug|Win32
		{09C246DF-B9A7-41DF-8E69-76F17685C652}.Release|x64.ActiveCfg = Release|x64
		{09C246DF-B9A7-41DF-8E69-76F17685C652}.Release|x64.Build.0 = Release|x64
		{09C246DF-B9A7-41DF-8E69-76F17685C652}.Release|x86.ActiveCfg = Release|Win32
		{09C246DF-B9A7-41DF-8E69-76F17685C652}.Release|x86.Build.0 = Release|Win32
		{07CB226B-7A23-4F8E-A9F3-AF70C3FDBF52}.Debug|x64.ActiveCfg = Debug|x64
		{07CB226B-7A23-4F8E-A9F3-AF70C3FDBF52}.Debug|x64.Build.0 = Debug|x64
		{07CB226B-7A23-4F8E-A9F3-AF70C3FDBF52}.Debug|x86.ActiveCfg = Debug|Win32
		{07CB226B-7A23-4F8E-A9F3-AF70C3FDBF52}.Debug|x86.Build.0 = Debug|Win32
		{07CB226B-7A23-4F8E-A9F3-AF70C3FDBF52}.Release|x64.ActiveCfg = Release|x64
		{07CB226B-7A23-4F8E-A9F3-AF70C3FDBF52}.Release|x64.Build.0 = Release|x64
		{07CB226B-7A23-4F8E-A9F3-AF70C3FDBF52}.Release|x86.ActiveCfg = Release|Win32
		{07CB226B-7A23-4F8E-A9F3-AF70C3FDBF52}.Release|x86.Build.0 = Release|Win32
		{07249AFA-4554-44BE-91EC-1E8CBE90ABAB}.Debug|x64.ActiveCfg = Debug|x64
		{07249AFA-4554-44BE-91EC-1E8CBE90ABAB}.Debug|x64.Build.0 = Debug|x64
		{07249AFA-4554-44BE-91EC-1E8CBE90ABAB}.Debug|x86.ActiveCfg = Debug|Win32
		{07249AFA-4554-44BE-91EC-1E8CBE90ABAB}.Debug|x86.Build.0 = Debug|Win32
		{07249AFA-4554-44BE-91EC-1E8CBE90ABAB}.Release|x64.ActiveCfg = Release|x64
		{07249AFA-4554-44BE-91EC-1E8CBE90ABAB}.Release|x64.Build.0 = Release|x64
		{07249AFA-4554-44BE-91EC-1E8CBE90ABAB}.Release|x86.ActiveCfg = Release|Win32
		{07249AFA-4554-44BE-91EC-1E8CBE90ABAB}.Release|x86.Build.0 = Release|Win32
		{FA366806-01C4-4A6B-8E80-167E772B1EA2}.Debug|x64.ActiveCfg = Debug|x64
		{FA366806-01C4-4A6B-8E80-167E772B1EA2}.Debug|x64.Build.0 = Debug|x64
		{FA366806-01C4-4A6B-8E80-167E772B1EA2}.Debug|x86.ActiveCfg = Debug|Win32
		{FA366806-01C4-4A6B-8E80-167E772B1EA2}.Debug|x86.Build.0 = Debug|Win32
		{FA366806-01C4-4A6B-8E80-167E772B1EA2}.Release|x64.ActiveCfg = Release|x64
		{FA366806-01C4-4A6B-8E80-167E772B1EA2}.Release|x64.Build.0 = Release|x64
		{FA366806-01C4-4A6B-8E80-167E772B1EA2}.Release|x86.ActiveCfg = Release|Win32
		{FA366806-01C4-4A6B-8E80-167E772B1EA2}.Release|x86.Build.0 = Release|Win32
		{6795B950-79A1-4419-A017-6944D438CE94}.Debug|x64.ActiveCfg = Debug|x64
		{6795B950-79A1-4419-A017-6944D438CE94}.Debug|x64.Build.0 = Debug|x64
		{6795B950-79A1-4419-A017-6944D438CE94}.Debug|x86.ActiveCfg = Debug|Win32
		{6795B950-79A1-4419-A017-6944D438CE94}.Debug|x86.Build.0 = Debug|Win32
		{6795B950-79A1-4419-A017-6944D438CE94}.Release|x64.ActiveCfg = Release|x64
		{6795B950-79A1-4419-A017-6944D438CE94}.Release|x64.Build.0 = Release|x64
		{6795B950-79A1-4419-A017-6944D438CE94}.Release|x86.ActiveCfg = Release|Win32
		{6795B950-79A1-4419-A017-6944D438CE94}.Release|x86.Build.0 = Release|Win32
		{567B4684-F663-4285-BD61-61F26FB55BB0}.Debug|x64.ActiveCfg = Debug|x64
		{567B4684-F663-4285-BD61-61F26FB55BB0}.Debug|x64.Build.0 = Debug|x64
		{567B4684-F663-4285-BD61-61F26FB55BB0}.Debug|x86.ActiveCfg = Debug|Win32
		{567B4684-F663-4285-BD61-61F26FB55BB0}.Debug|x86.Build.0 = Debug|Win32
		{567B4684-F663-4285-BD61-61F26FB55BB0}.Release|x64.ActiveCfg = Release|x64
		{567B4684-F663-4285-BD61-61F26FB55BB0}.Release|x64.Build.0 = Release|x64
		{567B4684-F663-4285-BD61-61F26FB55BB0}.Release|x86.ActiveCfg = Release|Win32
		{567B4684-F663-4285-BD61-61F26FB55BB0}.Release|x86.Build.0 = Release|Win32
		{5D54BD17-38C3-4194-AEA8-7746D24A0E3A}.Debug|x64.ActiveCfg = Debug|x64
		{5D54BD17-38C3-4194-AEA8-7746D24A0E3A}.Debug|x64.Build.0 = Debug|x64
		{5D54BD17-38C3-4194-AEA8-7746D24A0E3A}.Debug|x86.ActiveCfg = Debug|Win32
		{5D54BD17-38C3-4194-AEA8-7746D24A0E3A}.Debug|x86.Build.0 = Debug|Win32
		{5D54BD17-38C3-4194-AEA8-7746D24A0E3A}.Release|x64.ActiveCfg = Release|x64
		{5D54BD17-38C3-4194-AEA8-7746D24A0E3A}.Release|x64.Build.0 = Release|x64
		{5D54BD17-38C3-4194-AEA8-7746D24A0E3A}.Release|x86.ActiveCfg = Release|Win32
		{5D54BD17-38C3-4194-AEA8-7746D24A0E3A}.Release|x86.Build.0 = Release|Win32
	EndGlobalSection
	GlobalSection(SolutionProperties) = preSolution
		HideSolutionNode = FALSE
	EndGlobalSection
	GlobalSection(ExtensibilityGlobals) = postSolution
		SolutionGuid = {D3A3E4EE-C8B4-4AF7-BDBC-B6FA6415CF5D}
	EndGlobalSection
EndGlobal
