
Microsoft Visual Studio Solution File, Format Version 12.00
# Visual Studio Version 16
VisualStudioVersion = 16.0.28922.388
MinimumVisualStudioVersion = 10.0.40219.1
Project("{8BC9CEB8-8B4A-11D0-8D11-00A0C91BC942}") = "排序A1025", "排序A1025\排序A1025.vcxproj", "{09C246DF-B9A7-41DF-8E69-76F17685C652}"
EndProject
Project("{8BC9CEB8-8B4A-11D0-8D11-00A0C91BC942}") = "排列B1015", "排列B1015\排列B1015.vcxproj", "{07CB226B-7A23-4F8E-A9F3-AF70C3FDBF52}"
EndProject
Project("{8BC9CEB8-8B4A-11D0-8D11-00A0C91BC942}") = "排序A1012", "排序A1012\排序A1012.vcxproj", "{07249AFA-4554-44BE-91EC-1E8CBE90ABAB}"
EndProject
Project("{8BC9CEB8-8B4A-11D0-8D11-00A0C91BC942}") = "排序A1016", "排序A1016\排序A1016.vcxproj", "{FA366806-01C4-4A6B-8E80-167E772B1EA2}"
EndProject
Project("{8BC9CEB8-8B4A-11D0-8D11-00A0C91BC942}") = "排序A1028", "排序A1028\排序A1028.vcxproj", "{6795B950-79A1-4419-A017-6944D438CE94}"
EndProject
Project("{8BC9CEB8-8B4A-11D0-8D11-00A0C91BC942}") = "排序A1055", "排序A1055\排序A1055.vcxproj", "{567B4684-F663-4285-BD61-61F26FB55BB0}"
EndProject
Project("{8BC9CEB8-8B4A-11D0-8D11-00A0C91BC942}") = "排序A1075", "排序A1075\排序A1075.vcxproj", "{5D54BD17-38C3-4194-AEA8-7746D24A0E3A}"
EndProject
Project("{8BC9CEB8-8B4A-11D0-8D11-00A0C91BC942}") = "排序A1083", "排序A1083\排序A1083.vcxproj", "{3BF9C0CA-1FA4-4B0D-8739-9FBF92E677D8}"
EndProject
Project("{8BC9CEB8-8B4A-11D0-8D11-00A0C91BC942}") = "排序A1080", "排序A1080\排序A1080.vcxproj", "{0B7A1D46-DF09-4199-9196-D9E2CD5CF8A9}"
EndProject
Project("{8BC9CEB8-8B4A-11D0-8D11-00A0C91BC942}") = "排序A1095", "排序A1095\排序A1095.vcxproj", "{7C99C77F-8B3A-4AA3-AFFD-5E9387273623}"
EndProject
Project("{8BC9CEB8-8B4A-11D0-8D11-00A0C91BC942}") = "散列B1029", "散列B1029\哈希B1029.vcxproj", "{10BD964F-AF69-4335-B8DE-3389D2BD39CB}"
EndProject
Project("{8BC9CEB8-8B4A-11D0-8D11-00A0C91BC942}") = "散列B1033", "散列B1033\散列B1033.vcxproj", "{E063AED1-103C-44EB-AFF5-6C80F10E68B7}"
EndProject
Project("{8BC9CEB8-8B4A-11D0-8D11-00A0C91BC942}") = "散列B1038", "散列B1038\散列B1038.vcxproj", "{76AC39B6-6AB4-488C-B516-30F34E1D823F}"
EndProject
Project("{8BC9CEB8-8B4A-11D0-8D11-00A0C91BC942}") = "散列B1039_A1092", "散列B1039_A1092\散列B1039_A1092.vcxproj", "{71DBD530-003C-4944-82B0-A2B9C17B82EE}"
EndProject
Project("{8BC9CEB8-8B4A-11D0-8D11-00A0C91BC942}") = "散列B1042", "散列B1042\散列B1042.vcxproj", "{072BA140-54C7-434C-9A89-86A75413776B}"
EndProject
Project("{8BC9CEB8-8B4A-11D0-8D11-00A0C91BC942}") = "散列B1043", "散列B1043\散列B1043.vcxproj", "{57D2CF45-5127-45FE-875E-E2574B6C1555}"
EndProject
Project("{8BC9CEB8-8B4A-11D0-8D11-00A0C91BC942}") = "散列B1047", "散列B1047\散列B1047.vcxproj", "{505EA079-A9C2-4DE7-957C-0EA1CF300C39}"
EndProject
Project("{8BC9CEB8-8B4A-11D0-8D11-00A0C91BC942}") = "散列A1041", "散列A1041\散列A1041.vcxproj", "{B8AD4023-16C9-47FE-A56A-2B6D2A94EAEA}"
EndProject
Global
	GlobalSection(SolutionConfigurationPlatforms) = preSolution
		Debug|x64 = Debug|x64
		Debug|x86 = Debug|x86
		Release|x64 = Release|x64
		Release|x86 = Release|x86
	EndGlobalSection
	GlobalSection(ProjectConfigurationPlatforms) = postSolution
		{09C246DF-B9A7-41DF-8E69-76F17685C652}.Debug|x64.ActiveCfg = Debug|x64
		{09C246DF-B9A7-41DF-8E69-76F17685C652}.Debug|x64.Build.0 = Debug|x64
		{09C246DF-B9A7-41DF-8E69-76F17685C652}.Debug|x86.ActiveCfg = Debug|Win32
		{09C246DF-B9A7-41DF-8E69-76F17685C652}.Debug|x86.Build.0 = Debug|Win32
		{09C246DF-B9A7-41DF-8E69-76F17685C652}.Release|x64.ActiveCfg = Release|x64
		{09C246DF-B9A7-41DF-8E69-76F17685C652}.Release|x64.Build.0 = Release|x64
		{09C246DF-B9A7-41DF-8E69-76F17685C652}.Release|x86.ActiveCfg = Release|Win32
		{09C246DF-B9A7-41DF-8E69-76F17685C652}.Release|x86.Build.0 = Release|Win32
		{07CB226B-7A23-4F8E-A9F3-AF70C3FDBF52}.Debug|x64.ActiveCfg = Debug|x64
		{07CB226B-7A23-4F8E-A9F3-AF70C3FDBF52}.Debug|x64.Build.0 = Debug|x64
		{07CB226B-7A23-4F8E-A9F3-AF70C3FDBF52}.Debug|x86.ActiveCfg = Debug|Win32
		{07CB226B-7A23-4F8E-A9F3-AF70C3FDBF52}.Debug|x86.Build.0 = Debug|Win32
		{07CB226B-7A23-4F8E-A9F3-AF70C3FDBF52}.Release|x64.ActiveCfg = Release|x64
		{07CB226B-7A23-4F8E-A9F3-AF70C3FDBF52}.Release|x64.Build.0 = Release|x64
		{07CB226B-7A23-4F8E-A9F3-AF70C3FDBF52}.Release|x86.ActiveCfg = Release|Win32
		{07CB226B-7A23-4F8E-A9F3-AF70C3FDBF52}.Release|x86.Build.0 = Release|Win32
		{07249AFA-4554-44BE-91EC-1E8CBE90ABAB}.Debug|x64.ActiveCfg = Debug|x64
		{07249AFA-4554-44BE-91EC-1E8CBE90ABAB}.Debug|x64.Build.0 = Debug|x64
		{07249AFA-4554-44BE-91EC-1E8CBE90ABAB}.Debug|x86.ActiveCfg = Debug|Win32
		{07249AFA-4554-44BE-91EC-1E8CBE90ABAB}.Debug|x86.Build.0 = Debug|Win32
		{07249AFA-4554-44BE-91EC-1E8CBE90ABAB}.Release|x64.ActiveCfg = Release|x64
		{07249AFA-4554-44BE-91EC-1E8CBE90ABAB}.Release|x64.Build.0 = Release|x64
		{07249AFA-4554-44BE-91EC-1E8CBE90ABAB}.Release|x86.ActiveCfg = Release|Win32
		{07249AFA-4554-44BE-91EC-1E8CBE90ABAB}.Release|x86.Build.0 = Release|Win32
		{FA366806-01C4-4A6B-8E80-167E772B1EA2}.Debug|x64.ActiveCfg = Debug|x64
		{FA366806-01C4-4A6B-8E80-167E772B1EA2}.Debug|x64.Build.0 = Debug|x64
		{FA366806-01C4-4A6B-8E80-167E772B1EA2}.Debug|x86.ActiveCfg = Debug|Win32
		{FA366806-01C4-4A6B-8E80-167E772B1EA2}.Debug|x86.Build.0 = Debug|Win32
		{FA366806-01C4-4A6B-8E80-167E772B1EA2}.Release|x64.ActiveCfg = Release|x64
		{FA366806-01C4-4A6B-8E80-167E772B1EA2}.Release|x64.Build.0 = Release|x64
		{FA366806-01C4-4A6B-8E80-167E772B1EA2}.Release|x86.ActiveCfg = Release|Win32
		{FA366806-01C4-4A6B-8E80-167E772B1EA2}.Release|x86.Build.0 = Release|Win32
		{6795B950-79A1-4419-A017-6944D438CE94}.Debug|x64.ActiveCfg = Debug|x64
		{6795B950-79A1-4419-A017-6944D438CE94}.Debug|x64.Build.0 = Debug|x64
		{6795B950-79A1-4419-A017-6944D438CE94}.Debug|x86.ActiveCfg = Debug|Win32
		{6795B950-79A1-4419-A017-6944D438CE94}.Debug|x86.Build.0 = Debug|Win32
		{6795B950-79A1-4419-A017-6944D438CE94}.Release|x64.ActiveCfg = Release|x64
		{6795B950-79A1-4419-A017-6944D438CE94}.Release|x64.Build.0 = Release|x64
		{6795B950-79A1-4419-A017-6944D438CE94}.Release|x86.ActiveCfg = Release|Win32
		{6795B950-79A1-4419-A017-6944D438CE94}.Release|x86.Build.0 = Release|Win32
		{567B4684-F663-4285-BD61-61F26FB55BB0}.Debug|x64.ActiveCfg = Debug|x64
		{567B4684-F663-4285-BD61-61F26FB55BB0}.Debug|x64.Build.0 = Debug|x64
		{567B4684-F663-4285-BD61-61F26FB55BB0}.Debug|x86.ActiveCfg = Debug|Win32
		{567B4684-F663-4285-BD61-61F26FB55BB0}.Debug|x86.Build.0 = Debug|Win32
		{567B4684-F663-4285-BD61-61F26FB55BB0}.Release|x64.ActiveCfg = Release|x64
		{567B4684-F663-4285-BD61-61F26FB55BB0}.Release|x64.Build.0 = Release|x64
		{567B4684-F663-4285-BD61-61F26FB55BB0}.Release|x86.ActiveCfg = Release|Win32
		{567B4684-F663-4285-BD61-61F26FB55BB0}.Release|x86.Build.0 = Release|Win32
		{5D54BD17-38C3-4194-AEA8-7746D24A0E3A}.Debug|x64.ActiveCfg = Debug|x64
		{5D54BD17-38C3-4194-AEA8-7746D24A0E3A}.Debug|x64.Build.0 = Debug|x64
		{5D54BD17-38C3-4194-AEA8-7746D24A0E3A}.Debug|x86.ActiveCfg = Debug|Win32
		{5D54BD17-38C3-4194-AEA8-7746D24A0E3A}.Debug|x86.Build.0 = Debug|Win32
		{5D54BD17-38C3-4194-AEA8-7746D24A0E3A}.Release|x64.ActiveCfg = Release|x64
		{5D54BD17-38C3-4194-AEA8-7746D24A0E3A}.Release|x64.Build.0 = Release|x64
		{5D54BD17-38C3-4194-AEA8-7746D24A0E3A}.Release|x86.ActiveCfg = Release|Win32
		{5D54BD17-38C3-4194-AEA8-7746D24A0E3A}.Release|x86.Build.0 = Release|Win32
		{3BF9C0CA-1FA4-4B0D-8739-9FBF92E677D8}.Debug|x64.ActiveCfg = Debug|x64
		{3BF9C0CA-1FA4-4B0D-8739-9FBF92E677D8}.Debug|x64.Build.0 = Debug|x64
		{3BF9C0CA-1FA4-4B0D-8739-9FBF92E677D8}.Debug|x86.ActiveCfg = Debug|Win32
		{3BF9C0CA-1FA4-4B0D-8739-9FBF92E677D8}.Debug|x86.Build.0 = Debug|Win32
		{3BF9C0CA-1FA4-4B0D-8739-9FBF92E677D8}.Release|x64.ActiveCfg = Release|x64
		{3BF9C0CA-1FA4-4B0D-8739-9FBF92E677D8}.Release|x64.Build.0 = Release|x64
		{3BF9C0CA-1FA4-4B0D-8739-9FBF92E677D8}.Release|x86.ActiveCfg = Release|Win32
		{3BF9C0CA-1FA4-4B0D-8739-9FBF92E677D8}.Release|x86.Build.0 = Release|Win32
		{0B7A1D46-DF09-4199-9196-D9E2CD5CF8A9}.Debug|x64.ActiveCfg = Debug|x64
		{0B7A1D46-DF09-4199-9196-D9E2CD5CF8A9}.Debug|x64.Build.0 = Debug|x64
		{0B7A1D46-DF09-4199-9196-D9E2CD5CF8A9}.Debug|x86.ActiveCfg = Debug|Win32
		{0B7A1D46-DF09-4199-9196-D9E2CD5CF8A9}.Debug|x86.Build.0 = Debug|Win32
		{0B7A1D46-DF09-4199-9196-D9E2CD5CF8A9}.Release|x64.ActiveCfg = Release|x64
		{0B7A1D46-DF09-4199-9196-D9E2CD5CF8A9}.Release|x64.Build.0 = Release|x64
		{0B7A1D46-DF09-4199-9196-D9E2CD5CF8A9}.Release|x86.ActiveCfg = Release|Win32
		{0B7A1D46-DF09-4199-9196-D9E2CD5CF8A9}.Release|x86.Build.0 = Release|Win32
		{7C99C77F-8B3A-4AA3-AFFD-5E9387273623}.Debug|x64.ActiveCfg = Debug|x64
		{7C99C77F-8B3A-4AA3-AFFD-5E9387273623}.Debug|x64.Build.0 = Debug|x64
		{7C99C77F-8B3A-4AA3-AFFD-5E9387273623}.Debug|x86.ActiveCfg = Debug|Win32
		{7C99C77F-8B3A-4AA3-AFFD-5E9387273623}.Debug|x86.Build.0 = Debug|Win32
		{7C99C77F-8B3A-4AA3-AFFD-5E9387273623}.Release|x64.ActiveCfg = Release|x64
		{7C99C77F-8B3A-4AA3-AFFD-5E9387273623}.Release|x64.Build.0 = Release|x64
		{7C99C77F-8B3A-4AA3-AFFD-5E9387273623}.Release|x86.ActiveCfg = Release|Win32
		{7C99C77F-8B3A-4AA3-AFFD-5E9387273623}.Release|x86.Build.0 = Release|Win32
		{10BD964F-AF69-4335-B8DE-3389D2BD39CB}.Debug|x64.ActiveCfg = Debug|x64
		{10BD964F-AF69-4335-B8DE-3389D2BD39CB}.Debug|x64.Build.0 = Debug|x64
		{10BD964F-AF69-4335-B8DE-3389D2BD39CB}.Debug|x86.ActiveCfg = Debug|Win32
		{10BD964F-AF69-4335-B8DE-3389D2BD39CB}.Debug|x86.Build.0 = Debug|Win32
		{10BD964F-AF69-4335-B8DE-3389D2BD39CB}.Release|x64.ActiveCfg = Release|x64
		{10BD964F-AF69-4335-B8DE-3389D2BD39CB}.Release|x64.Build.0 = Release|x64
		{10BD964F-AF69-4335-B8DE-3389D2BD39CB}.Release|x86.ActiveCfg = Release|Win32
		{10BD964F-AF69-4335-B8DE-3389D2BD39CB}.Release|x86.Build.0 = Release|Win32
		{E063AED1-103C-44EB-AFF5-6C80F10E68B7}.Debug|x64.ActiveCfg = Debug|x64
		{E063AED1-103C-44EB-AFF5-6C80F10E68B7}.Debug|x64.Build.0 = Debug|x64
		{E063AED1-103C-44EB-AFF5-6C80F10E68B7}.Debug|x86.ActiveCfg = Debug|Win32
		{E063AED1-103C-44EB-AFF5-6C80F10E68B7}.Debug|x86.Build.0 = Debug|Win32
		{E063AED1-103C-44EB-AFF5-6C80F10E68B7}.Release|x64.ActiveCfg = Release|x64
		{E063AED1-103C-44EB-AFF5-6C80F10E68B7}.Release|x64.Build.0 = Release|x64
		{E063AED1-103C-44EB-AFF5-6C80F10E68B7}.Release|x86.ActiveCfg = Release|Win32
		{E063AED1-103C-44EB-AFF5-6C80F10E68B7}.Release|x86.Build.0 = Release|Win32
		{76AC39B6-6AB4-488C-B516-30F34E1D823F}.Debug|x64.ActiveCfg = Debug|x64
		{76AC39B6-6AB4-488C-B516-30F34E1D823F}.Debug|x64.Build.0 = Debug|x64
		{76AC39B6-6AB4-488C-B516-30F34E1D823F}.Debug|x86.ActiveCfg = Debug|Win32
		{76AC39B6-6AB4-488C-B516-30F34E1D823F}.Debug|x86.Build.0 = Debug|Win32
		{76AC39B6-6AB4-488C-B516-30F34E1D823F}.Release|x64.ActiveCfg = Release|x64
		{76AC39B6-6AB4-488C-B516-30F34E1D823F}.Release|x64.Build.0 = Release|x64
		{76AC39B6-6AB4-488C-B516-30F34E1D823F}.Release|x86.ActiveCfg = Release|Win32
		{76AC39B6-6AB4-488C-B516-30F34E1D823F}.Release|x86.Build.0 = Release|Win32
		{71DBD530-003C-4944-82B0-A2B9C17B82EE}.Debug|x64.ActiveCfg = Debug|x64
		{71DBD530-003C-4944-82B0-A2B9C17B82EE}.Debug|x64.Build.0 = Debug|x64
		{71DBD530-003C-4944-82B0-A2B9C17B82EE}.Debug|x86.ActiveCfg = Debug|Win32
		{71DBD530-003C-4944-82B0-A2B9C17B82EE}.Debug|x86.Build.0 = Debug|Win32
		{71DBD530-003C-4944-82B0-A2B9C17B82EE}.Release|x64.ActiveCfg = Release|x64
		{71DBD530-003C-4944-82B0-A2B9C17B82EE}.Release|x64.Build.0 = Release|x64
		{71DBD530-003C-4944-82B0-A2B9C17B82EE}.Release|x86.ActiveCfg = Release|Win32
		{71DBD530-003C-4944-82B0-A2B9C17B82EE}.Release|x86.Build.0 = Release|Win32
		{072BA140-54C7-434C-9A89-86A75413776B}.Debug|x64.ActiveCfg = Debug|x64
		{072BA140-54C7-434C-9A89-86A75413776B}.Debug|x64.Build.0 = Debug|x64
		{072BA140-54C7-434C-9A89-86A75413776B}.Debug|x86.ActiveCfg = Debug|Win32
		{072BA140-54C7-434C-9A89-86A75413776B}.Debug|x86.Build.0 = Debug|Win32
		{072BA140-54C7-434C-9A89-86A75413776B}.Release|x64.ActiveCfg = Release|x64
		{072BA140-54C7-434C-9A89-86A75413776B}.Release|x64.Build.0 = Release|x64
		{072BA140-54C7-434C-9A89-86A75413776B}.Release|x86.ActiveCfg = Release|Win32
		{072BA140-54C7-434C-9A89-86A75413776B}.Release|x86.Build.0 = Release|Win32
		{57D2CF45-5127-45FE-875E-E2574B6C1555}.Debug|x64.ActiveCfg = Debug|x64
		{57D2CF45-5127-45FE-875E-E2574B6C1555}.Debug|x64.Build.0 = Debug|x64
		{57D2CF45-5127-45FE-875E-E2574B6C1555}.Debug|x86.ActiveCfg = Debug|Win32
		{57D2CF45-5127-45FE-875E-E2574B6C1555}.Debug|x86.Build.0 = Debug|Win32
		{57D2CF45-5127-45FE-875E-E2574B6C1555}.Release|x64.ActiveCfg = Release|x64
		{57D2CF45-5127-45FE-875E-E2574B6C1555}.Release|x64.Build.0 = Release|x64
		{57D2CF45-5127-45FE-875E-E2574B6C1555}.Release|x86.ActiveCfg = Release|Win32
		{57D2CF45-5127-45FE-875E-E2574B6C1555}.Release|x86.Build.0 = Release|Win32
		{505EA079-A9C2-4DE7-957C-0EA1CF300C39}.Debug|x64.ActiveCfg = Debug|x64
		{505EA079-A9C2-4DE7-957C-0EA1CF300C39}.Debug|x64.Build.0 = Debug|x64
		{505EA079-A9C2-4DE7-957C-0EA1CF300C39}.Debug|x86.ActiveCfg = Debug|Win32
		{505EA079-A9C2-4DE7-957C-0EA1CF300C39}.Debug|x86.Build.0 = Debug|Win32
		{505EA079-A9C2-4DE7-957C-0EA1CF300C39}.Release|x64.ActiveCfg = Release|x64
		{505EA079-A9C2-4DE7-957C-0EA1CF300C39}.Release|x64.Build.0 = Release|x64
		{505EA079-A9C2-4DE7-957C-0EA1CF300C39}.Release|x86.ActiveCfg = Release|Win32
		{505EA079-A9C2-4DE7-957C-0EA1CF300C39}.Release|x86.Build.0 = Release|Win32
		{B8AD4023-16C9-47FE-A56A-2B6D2A94EAEA}.Debug|x64.ActiveCfg = Debug|x64
		{B8AD4023-16C9-47FE-A56A-2B6D2A94EAEA}.Debug|x64.Build.0 = Debug|x64
		{B8AD4023-16C9-47FE-A56A-2B6D2A94EAEA}.Debug|x86.ActiveCfg = Debug|Win32
		{B8AD4023-16C9-47FE-A56A-2B6D2A94EAEA}.Debug|x86.Build.0 = Debug|Win32
		{B8AD4023-16C9-47FE-A56A-2B6D2A94EAEA}.Release|x64.ActiveCfg = Release|x64
		{B8AD4023-16C9-47FE-A56A-2B6D2A94EAEA}.Release|x64.Build.0 = Release|x64
		{B8AD4023-16C9-47FE-A56A-2B6D2A94EAEA}.Release|x86.ActiveCfg = Release|Win32
		{B8AD4023-16C9-47FE-A56A-2B6D2A94EAEA}.Release|x86.Build.0 = Release|Win32
	EndGlobalSection
	GlobalSection(SolutionProperties) = preSolution
		HideSolutionNode = FALSE
	EndGlobalSection
	GlobalSection(ExtensibilityGlobals) = postSolution
		SolutionGuid = {D3A3E4EE-C8B4-4AF7-BDBC-B6FA6415CF5D}
	EndGlobalSection
EndGlobal
