
Microsoft Visual Studio Solution File, Format Version 12.00
# Visual Studio Version 16
VisualStudioVersion = 16.0.29326.143
MinimumVisualStudioVersion = 10.0.40219.1
Project("{8BC9CEB8-8B4A-11D0-8D11-00A0C91BC942}") = "二叉树的遍历codeup1096", "二叉树的遍历codeup1096\二叉树的遍历codeup1096.vcxproj", "{09C246DF-B9A7-41DF-8E69-76F17685C652}"
EndProject
Project("{8BC9CEB8-8B4A-11D0-8D11-00A0C91BC942}") = "二叉树的遍历codeup1910", "二叉树的遍历codeup1910\二叉树的遍历codeup1910.vcxproj", "{03F05072-9DDA-4472-BE9B-85698B33EB4C}"
EndProject
Project("{8BC9CEB8-8B4A-11D0-8D11-00A0C91BC942}") = "二叉树的遍历codeup1905", "二叉树的遍历codeup1905\二叉树的遍历codeup1905.vcxproj", "{5B026EE8-7633-4C04-8EA6-8DE1151BF4EE}"
EndProject
Project("{8BC9CEB8-8B4A-11D0-8D11-00A0C91BC942}") = "二叉树的遍历codeup2014", "二叉树的遍历codeup2014\二叉树的遍历codeup2014.vcxproj", "{7B0E4A79-327A-4CAD-8F0A-B2D7FC67796E}"
EndProject
Project("{8BC9CEB8-8B4A-11D0-8D11-00A0C91BC942}") = "二叉树的遍历A1020", "二叉树的遍历A1020\二叉树的遍历A1020.vcxproj", "{36AFD2C1-40D5-498D-99F6-FD6461F6D40D}"
EndProject
Project("{8BC9CEB8-8B4A-11D0-8D11-00A0C91BC942}") = "二叉树的遍历A1086", "二叉树的遍历A1086\二叉树的遍历A1086.vcxproj", "{BE9D41BD-CAC0-440B-93A4-053CFDF5CC7C}"
EndProject
Project("{8BC9CEB8-8B4A-11D0-8D11-00A0C91BC942}") = "二叉树的遍历A1102", "二叉树的遍历A1102\二叉树的遍历A1102.vcxproj", "{1AF1A40D-7BE7-4180-8590-8955CDF29B3A}"
EndProject
Project("{8BC9CEB8-8B4A-11D0-8D11-00A0C91BC942}") = "树的遍历A1053", "树的遍历A1053\树的遍历A1053.vcxproj", "{C4E8DFDB-7C73-4EE2-AC0A-8DBFBE374AC2}"
EndProject
Global
	GlobalSection(SolutionConfigurationPlatforms) = preSolution
		Debug|x64 = Debug|x64
		Debug|x86 = Debug|x86
		Release|x64 = Release|x64
		Release|x86 = Release|x86
	EndGlobalSection
	GlobalSection(ProjectConfigurationPlatforms) = postSolution
		{09C246DF-B9A7-41DF-8E69-76F17685C652}.Debug|x64.ActiveCfg = Debug|x64
		{09C246DF-B9A7-41DF-8E69-76F17685C652}.Debug|x64.Build.0 = Debug|x64
		{09C246DF-B9A7-41DF-8E69-76F17685C652}.Debug|x86.ActiveCfg = Debug|Win32
		{09C246DF-B9A7-41DF-8E69-76F17685C652}.Debug|x86.Build.0 = Debug|Win32
		{09C246DF-B9A7-41DF-8E69-76F17685C652}.Release|x64.ActiveCfg = Release|x64
		{09C246DF-B9A7-41DF-8E69-76F17685C652}.Release|x64.Build.0 = Release|x64
		{09C246DF-B9A7-41DF-8E69-76F17685C652}.Release|x86.ActiveCfg = Release|Win32
		{09C246DF-B9A7-41DF-8E69-76F17685C652}.Release|x86.Build.0 = Release|Win32
		{03F05072-9DDA-4472-BE9B-85698B33EB4C}.Debug|x64.ActiveCfg = Debug|x64
		{03F05072-9DDA-4472-BE9B-85698B33EB4C}.Debug|x64.Build.0 = Debug|x64
		{03F05072-9DDA-4472-BE9B-85698B33EB4C}.Debug|x86.ActiveCfg = Debug|Win32
		{03F05072-9DDA-4472-BE9B-85698B33EB4C}.Debug|x86.Build.0 = Debug|Win32
		{03F05072-9DDA-4472-BE9B-85698B33EB4C}.Release|x64.ActiveCfg = Release|x64
		{03F05072-9DDA-4472-BE9B-85698B33EB4C}.Release|x64.Build.0 = Release|x64
		{03F05072-9DDA-4472-BE9B-85698B33EB4C}.Release|x86.ActiveCfg = Release|Win32
		{03F05072-9DDA-4472-BE9B-85698B33EB4C}.Release|x86.Build.0 = Release|Win32
		{5B026EE8-7633-4C04-8EA6-8DE1151BF4EE}.Debug|x64.ActiveCfg = Debug|x64
		{5B026EE8-7633-4C04-8EA6-8DE1151BF4EE}.Debug|x64.Build.0 = Debug|x64
		{5B026EE8-7633-4C04-8EA6-8DE1151BF4EE}.Debug|x86.ActiveCfg = Debug|Win32
		{5B026EE8-7633-4C04-8EA6-8DE1151BF4EE}.Debug|x86.Build.0 = Debug|Win32
		{5B026EE8-7633-4C04-8EA6-8DE1151BF4EE}.Release|x64.ActiveCfg = Release|x64
		{5B026EE8-7633-4C04-8EA6-8DE1151BF4EE}.Release|x64.Build.0 = Release|x64
		{5B026EE8-7633-4C04-8EA6-8DE1151BF4EE}.Release|x86.ActiveCfg = Release|Win32
		{5B026EE8-7633-4C04-8EA6-8DE1151BF4EE}.Release|x86.Build.0 = Release|Win32
		{7B0E4A79-327A-4CAD-8F0A-B2D7FC67796E}.Debug|x64.ActiveCfg = Debug|x64
		{7B0E4A79-327A-4CAD-8F0A-B2D7FC67796E}.Debug|x64.Build.0 = Debug|x64
		{7B0E4A79-327A-4CAD-8F0A-B2D7FC67796E}.Debug|x86.ActiveCfg = Debug|Win32
		{7B0E4A79-327A-4CAD-8F0A-B2D7FC67796E}.Debug|x86.Build.0 = Debug|Win32
		{7B0E4A79-327A-4CAD-8F0A-B2D7FC67796E}.Release|x64.ActiveCfg = Release|x64
		{7B0E4A79-327A-4CAD-8F0A-B2D7FC67796E}.Release|x64.Build.0 = Release|x64
		{7B0E4A79-327A-4CAD-8F0A-B2D7FC67796E}.Release|x86.ActiveCfg = Release|Win32
		{7B0E4A79-327A-4CAD-8F0A-B2D7FC67796E}.Release|x86.Build.0 = Release|Win32
		{36AFD2C1-40D5-498D-99F6-FD6461F6D40D}.Debug|x64.ActiveCfg = Debug|x64
		{36AFD2C1-40D5-498D-99F6-FD6461F6D40D}.Debug|x64.Build.0 = Debug|x64
		{36AFD2C1-40D5-498D-99F6-FD6461F6D40D}.Debug|x86.ActiveCfg = Debug|Win32
		{36AFD2C1-40D5-498D-99F6-FD6461F6D40D}.Debug|x86.Build.0 = Debug|Win32
		{36AFD2C1-40D5-498D-99F6-FD6461F6D40D}.Release|x64.ActiveCfg = Release|x64
		{36AFD2C1-40D5-498D-99F6-FD6461F6D40D}.Release|x64.Build.0 = Release|x64
		{36AFD2C1-40D5-498D-99F6-FD6461F6D40D}.Release|x86.ActiveCfg = Release|Win32
		{36AFD2C1-40D5-498D-99F6-FD6461F6D40D}.Release|x86.Build.0 = Release|Win32
		{BE9D41BD-CAC0-440B-93A4-053CFDF5CC7C}.Debug|x64.ActiveCfg = Debug|x64
		{BE9D41BD-CAC0-440B-93A4-053CFDF5CC7C}.Debug|x64.Build.0 = Debug|x64
		{BE9D41BD-CAC0-440B-93A4-053CFDF5CC7C}.Debug|x86.ActiveCfg = Debug|Win32
		{BE9D41BD-CAC0-440B-93A4-053CFDF5CC7C}.Debug|x86.Build.0 = Debug|Win32
		{BE9D41BD-CAC0-440B-93A4-053CFDF5CC7C}.Release|x64.ActiveCfg = Release|x64
		{BE9D41BD-CAC0-440B-93A4-053CFDF5CC7C}.Release|x64.Build.0 = Release|x64
		{BE9D41BD-CAC0-440B-93A4-053CFDF5CC7C}.Release|x86.ActiveCfg = Release|Win32
		{BE9D41BD-CAC0-440B-93A4-053CFDF5CC7C}.Release|x86.Build.0 = Release|Win32
		{1AF1A40D-7BE7-4180-8590-8955CDF29B3A}.Debug|x64.ActiveCfg = Debug|x64
		{1AF1A40D-7BE7-4180-8590-8955CDF29B3A}.Debug|x64.Build.0 = Debug|x64
		{1AF1A40D-7BE7-4180-8590-8955CDF29B3A}.Debug|x86.ActiveCfg = Debug|Win32
		{1AF1A40D-7BE7-4180-8590-8955CDF29B3A}.Debug|x86.Build.0 = Debug|Win32
		{1AF1A40D-7BE7-4180-8590-8955CDF29B3A}.Release|x64.ActiveCfg = Release|x64
		{1AF1A40D-7BE7-4180-8590-8955CDF29B3A}.Release|x64.Build.0 = Release|x64
		{1AF1A40D-7BE7-4180-8590-8955CDF29B3A}.Release|x86.ActiveCfg = Release|Win32
		{1AF1A40D-7BE7-4180-8590-8955CDF29B3A}.Release|x86.Build.0 = Release|Win32
		{C4E8DFDB-7C73-4EE2-AC0A-8DBFBE374AC2}.Debug|x64.ActiveCfg = Debug|x64
		{C4E8DFDB-7C73-4EE2-AC0A-8DBFBE374AC2}.Debug|x64.Build.0 = Debug|x64
		{C4E8DFDB-7C73-4EE2-AC0A-8DBFBE374AC2}.Debug|x86.ActiveCfg = Debug|Win32
		{C4E8DFDB-7C73-4EE2-AC0A-8DBFBE374AC2}.Debug|x86.Build.0 = Debug|Win32
		{C4E8DFDB-7C73-4EE2-AC0A-8DBFBE374AC2}.Release|x64.ActiveCfg = Release|x64
		{C4E8DFDB-7C73-4EE2-AC0A-8DBFBE374AC2}.Release|x64.Build.0 = Release|x64
		{C4E8DFDB-7C73-4EE2-AC0A-8DBFBE374AC2}.Release|x86.ActiveCfg = Release|Win32
		{C4E8DFDB-7C73-4EE2-AC0A-8DBFBE374AC2}.Release|x86.Build.0 = Release|Win32
	EndGlobalSection
	GlobalSection(SolutionProperties) = preSolution
		HideSolutionNode = FALSE
	EndGlobalSection
	GlobalSection(ExtensibilityGlobals) = postSolution
		SolutionGuid = {FD31DB79-1C09-449E-9CDB-67AE36A1B131}
	EndGlobalSection
EndGlobal
