
Microsoft Visual Studio Solution File, Format Version 12.00
# Visual Studio Version 16
VisualStudioVersion = 16.0.28922.388
MinimumVisualStudioVersion = 10.0.40219.1
Project("{8BC9CEB8-8B4A-11D0-8D11-00A0C91BC942}") = "简单模拟-PATB1032", "算法笔记\算法笔记.vcxproj", "{8D615DBB-8A9E-41B2-9523-B14AC21BAE08}"
EndProject
Project("{8BC9CEB8-8B4A-11D0-8D11-00A0C91BC942}") = "简单模拟-B1011", "简单模拟-B1011\简单模拟-B1011.vcxproj", "{334856CE-F564-4E2A-8E05-3E19AB595DAB}"
EndProject
Project("{8BC9CEB8-8B4A-11D0-8D11-00A0C91BC942}") = "简单模拟B1016", "B1016\B1016.vcxproj", "{F6D851B2-6680-4656-A124-1D195C981CB6}"
EndProject
Project("{8BC9CEB8-8B4A-11D0-8D11-00A0C91BC942}") = "简单模拟B1026", "简单模拟B1026\简单模拟B1026.vcxproj", "{110734B5-C58C-4376-82C2-3E608EFFC4E0}"
EndProject
Project("{8BC9CEB8-8B4A-11D0-8D11-00A0C91BC942}") = "简单模拟B1046", "简单模拟B1046\简单模拟B1046.vcxproj", "{31D60163-B473-43EB-9138-774DAEEE9768}"
EndProject
Project("{8BC9CEB8-8B4A-11D0-8D11-00A0C91BC942}") = "简单模拟B1008", "简单模拟B1008\简单模拟B1008.vcxproj", "{6D529044-4028-460A-91F1-DFF3D80C51F5}"
EndProject
Project("{8BC9CEB8-8B4A-11D0-8D11-00A0C91BC942}") = "简单模拟B1010", "简单模拟B1010\简单模拟B1010.vcxproj", "{552D90FA-8B88-4462-B573-A538B8D7104D}"
EndProject
Project("{8BC9CEB8-8B4A-11D0-8D11-00A0C91BC942}") = "简单模拟A1002", "简单模拟A1002\简单模拟A1002.vcxproj", "{BAF287C0-ABB6-4DA6-A52B-1B561FFF136E}"
EndProject
Project("{8BC9CEB8-8B4A-11D0-8D11-00A0C91BC942}") = "简单模拟A1009", "简单模拟A1009\简单模拟A1009.vcxproj", "{D8652360-6499-4A9D-879A-789495E1AF3C}"
EndProject
Project("{8BC9CEB8-8B4A-11D0-8D11-00A0C91BC942}") = "查找元素B1041", "查找元素B1041\查找元素B1041.vcxproj", "{B1887CE5-BEDC-40A2-8207-2CA589416D61}"
EndProject
Project("{8BC9CEB8-8B4A-11D0-8D11-00A0C91BC942}") = "查找元素B1004", "查找元素B1004\查找元素B1004.vcxproj", "{68F8CFC0-889F-4738-B2C7-C346DFA251CB}"
EndProject
Project("{8BC9CEB8-8B4A-11D0-8D11-00A0C91BC942}") = "查找元素B1028", "查找元素B1028\查找元素B1028.vcxproj", "{895976DC-9863-4B9F-B4EE-624AFC40E4C3}"
EndProject
Project("{8BC9CEB8-8B4A-11D0-8D11-00A0C91BC942}") = "查找元素B1032", "查找元素B1032\查找元素B1032.vcxproj", "{4349DECD-038F-434C-A406-77CC590F8E88}"
EndProject
Project("{8BC9CEB8-8B4A-11D0-8D11-00A0C91BC942}") = "查找元素A1011", "查找元素A1011\查找元素A1011.vcxproj", "{F19B9FD4-AD0F-450D-9450-D69237ED21E2}"
EndProject
Project("{8BC9CEB8-8B4A-11D0-8D11-00A0C91BC942}") = "查找元素A1036", "查找元素A1036\查找元素A1036.vcxproj", "{0A20E957-835C-45D1-8797-F76025C5BDAF}"
EndProject
Project("{8BC9CEB8-8B4A-11D0-8D11-00A0C91BC942}") = "图形输出B1036", "图形输出B1036\图形输出B1036.vcxproj", "{AFA17477-8218-410D-9261-C85CE765E75E}"
EndProject
Project("{8BC9CEB8-8B4A-11D0-8D11-00A0C91BC942}") = "查找元素B1027", "查找元素B1027\查找元素B1027.vcxproj", "{358BA576-8F24-4612-B781-F82B25F6090C}"
EndProject
Project("{8BC9CEB8-8B4A-11D0-8D11-00A0C91BC942}") = "图形输出A1031", "图形输出A1031\图形输出A1031.vcxproj", "{AC92E138-82FB-4007-AE88-5222093F4533}"
EndProject
Project("{8BC9CEB8-8B4A-11D0-8D11-00A0C91BC942}") = "进制转换B1022", "进制转换B1022\进制转换B1022.vcxproj", "{5A5868F4-E36C-4B6D-B0C2-FA936EC1820A}"
EndProject
Project("{8BC9CEB8-8B4A-11D0-8D11-00A0C91BC942}") = "进制转换B1037", "B1037\B1037.vcxproj", "{40BE5ACA-8029-4B7B-ACCB-BB5CC0EC48FF}"
EndProject
Project("{8BC9CEB8-8B4A-11D0-8D11-00A0C91BC942}") = "进制转换A1019", "进制转换A1019\进制转换A1019.vcxproj", "{09C246DF-B9A7-41DF-8E69-76F17685C652}"
EndProject
Project("{8BC9CEB8-8B4A-11D0-8D11-00A0C91BC942}") = "进制转换A1027", "进制转换A1027\进制转换A1027.vcxproj", "{8E215A2F-B3A4-4A7C-9F9A-7CEA0C0DAEE0}"
EndProject
Project("{8BC9CEB8-8B4A-11D0-8D11-00A0C91BC942}") = "进制转换A1058", "进制转换A1058\进制转换A1058.vcxproj", "{0CEAA2D4-E9D3-4A96-9736-92068BECC67D}"
EndProject
Project("{8BC9CEB8-8B4A-11D0-8D11-00A0C91BC942}") = "字符串处理B1006", "字符串处理B1006\字符串处理B1006.vcxproj", "{A0717E72-6C1A-4340-88D0-95C0F9252195}"
EndProject
Project("{8BC9CEB8-8B4A-11D0-8D11-00A0C91BC942}") = "字符串处理B1021", "B1021个位数统计\B1021个位数统计.vcxproj", "{0BA4A9E7-4513-45D2-9121-36EBE1BBAB3A}"
EndProject
Project("{8BC9CEB8-8B4A-11D0-8D11-00A0C91BC942}") = "字符串处理B1031", "字符串处理B1031\字符串处理B1031.vcxproj", "{F37C0A65-F9A6-4676-9DF9-597C772823E5}"
EndProject
Project("{8BC9CEB8-8B4A-11D0-8D11-00A0C91BC942}") = "字符串处理B1002", "字符串处理B1002\字符串处理B1002.vcxproj", "{BE43401E-1DFB-424D-B616-1880AAB56E68}"
EndProject
Project("{8BC9CEB8-8B4A-11D0-8D11-00A0C91BC942}") = "字符串处理B1009", "字符串处理B1009\字符串处理B1009.vcxproj", "{1E294D9B-D5D8-4920-A2C8-6133F1575628}"
EndProject
Project("{8BC9CEB8-8B4A-11D0-8D11-00A0C91BC942}") = "字符串处理B1014", "字符串B1014\字符串B1014.vcxproj", "{61C3FA92-8221-44B4-80C4-EA7B0199288D}"
EndProject
Project("{8BC9CEB8-8B4A-11D0-8D11-00A0C91BC942}") = "字符串处理B1024", "字符串处理B1024\字符串处理B1024.vcxproj", "{664C2CF2-8592-4EF4-AB9A-D3ADC8A1EABC}"
EndProject
Project("{8BC9CEB8-8B4A-11D0-8D11-00A0C91BC942}") = "字符串处理B1048", "字符串处理B1048\字符串处理B1048.vcxproj", "{11D914AB-E400-4757-93FC-2B331550FC22}"
EndProject
Project("{8BC9CEB8-8B4A-11D0-8D11-00A0C91BC942}") = "字符串处理A1005", "字符串处理A1005\字符串处理A1005.vcxproj", "{F68C785F-EBFC-4C52-98EB-F1FA04EE0D44}"
EndProject
Project("{8BC9CEB8-8B4A-11D0-8D11-00A0C91BC942}") = "字符串处理A1035", "字符串处理A1035\字符串处理A1035.vcxproj", "{00A5AE43-C2D4-49CC-8F3A-1B6B5C80193C}"
EndProject
Project("{8BC9CEB8-8B4A-11D0-8D11-00A0C91BC942}") = "字符串处理A1077", "字符串处理A1077\字符串处理A1077.vcxproj", "{B8C13918-D64B-4073-AB19-2BDE4FC3BB0D}"
EndProject
Project("{8BC9CEB8-8B4A-11D0-8D11-00A0C91BC942}") = "字符串处理A1082", "字符串处理A1082\字符串处理A1082.vcxproj", "{479F1C68-EC39-48B7-BA21-CA1E3B596A92}"
EndProject
Project("{8BC9CEB8-8B4A-11D0-8D11-00A0C91BC942}") = "日期处理codeup1928", "日期处理codeup1928\日期处理codeup1928.vcxproj", "{2A3BBFCC-2A22-40C1-A1B2-3B23D6629422}"
EndProject
Project("{8BC9CEB8-8B4A-11D0-8D11-00A0C91BC942}") = "简单模拟B1001", "简单模拟B1001\简单模拟B1001.vcxproj", "{05C7E24E-1448-4527-9D59-033BF27F8F23}"
EndProject
Global
	GlobalSection(SolutionConfigurationPlatforms) = preSolution
		Debug|x64 = Debug|x64
		Debug|x86 = Debug|x86
		Release|x64 = Release|x64
		Release|x86 = Release|x86
	EndGlobalSection
	GlobalSection(ProjectConfigurationPlatforms) = postSolution
		{8D615DBB-8A9E-41B2-9523-B14AC21BAE08}.Debug|x64.ActiveCfg = Debug|x64
		{8D615DBB-8A9E-41B2-9523-B14AC21BAE08}.Debug|x64.Build.0 = Debug|x64
		{8D615DBB-8A9E-41B2-9523-B14AC21BAE08}.Debug|x86.ActiveCfg = Debug|Win32
		{8D615DBB-8A9E-41B2-9523-B14AC21BAE08}.Debug|x86.Build.0 = Debug|Win32
		{8D615DBB-8A9E-41B2-9523-B14AC21BAE08}.Release|x64.ActiveCfg = Release|x64
		{8D615DBB-8A9E-41B2-9523-B14AC21BAE08}.Release|x64.Build.0 = Release|x64
		{8D615DBB-8A9E-41B2-9523-B14AC21BAE08}.Release|x86.ActiveCfg = Release|Win32
		{8D615DBB-8A9E-41B2-9523-B14AC21BAE08}.Release|x86.Build.0 = Release|Win32
		{334856CE-F564-4E2A-8E05-3E19AB595DAB}.Debug|x64.ActiveCfg = Debug|x64
		{334856CE-F564-4E2A-8E05-3E19AB595DAB}.Debug|x64.Build.0 = Debug|x64
		{334856CE-F564-4E2A-8E05-3E19AB595DAB}.Debug|x86.ActiveCfg = Debug|Win32
		{334856CE-F564-4E2A-8E05-3E19AB595DAB}.Debug|x86.Build.0 = Debug|Win32
		{334856CE-F564-4E2A-8E05-3E19AB595DAB}.Release|x64.ActiveCfg = Release|x64
		{334856CE-F564-4E2A-8E05-3E19AB595DAB}.Release|x64.Build.0 = Release|x64
		{334856CE-F564-4E2A-8E05-3E19AB595DAB}.Release|x86.ActiveCfg = Release|Win32
		{334856CE-F564-4E2A-8E05-3E19AB595DAB}.Release|x86.Build.0 = Release|Win32
		{F6D851B2-6680-4656-A124-1D195C981CB6}.Debug|x64.ActiveCfg = Debug|x64
		{F6D851B2-6680-4656-A124-1D195C981CB6}.Debug|x64.Build.0 = Debug|x64
		{F6D851B2-6680-4656-A124-1D195C981CB6}.Debug|x86.ActiveCfg = Debug|Win32
		{F6D851B2-6680-4656-A124-1D195C981CB6}.Debug|x86.Build.0 = Debug|Win32
		{F6D851B2-6680-4656-A124-1D195C981CB6}.Release|x64.ActiveCfg = Release|x64
		{F6D851B2-6680-4656-A124-1D195C981CB6}.Release|x64.Build.0 = Release|x64
		{F6D851B2-6680-4656-A124-1D195C981CB6}.Release|x86.ActiveCfg = Release|Win32
		{F6D851B2-6680-4656-A124-1D195C981CB6}.Release|x86.Build.0 = Release|Win32
		{110734B5-C58C-4376-82C2-3E608EFFC4E0}.Debug|x64.ActiveCfg = Debug|x64
		{110734B5-C58C-4376-82C2-3E608EFFC4E0}.Debug|x64.Build.0 = Debug|x64
		{110734B5-C58C-4376-82C2-3E608EFFC4E0}.Debug|x86.ActiveCfg = Debug|Win32
		{110734B5-C58C-4376-82C2-3E608EFFC4E0}.Debug|x86.Build.0 = Debug|Win32
		{110734B5-C58C-4376-82C2-3E608EFFC4E0}.Release|x64.ActiveCfg = Release|x64
		{110734B5-C58C-4376-82C2-3E608EFFC4E0}.Release|x64.Build.0 = Release|x64
		{110734B5-C58C-4376-82C2-3E608EFFC4E0}.Release|x86.ActiveCfg = Release|Win32
		{110734B5-C58C-4376-82C2-3E608EFFC4E0}.Release|x86.Build.0 = Release|Win32
		{31D60163-B473-43EB-9138-774DAEEE9768}.Debug|x64.ActiveCfg = Debug|x64
		{31D60163-B473-43EB-9138-774DAEEE9768}.Debug|x64.Build.0 = Debug|x64
		{31D60163-B473-43EB-9138-774DAEEE9768}.Debug|x86.ActiveCfg = Debug|Win32
		{31D60163-B473-43EB-9138-774DAEEE9768}.Debug|x86.Build.0 = Debug|Win32
		{31D60163-B473-43EB-9138-774DAEEE9768}.Release|x64.ActiveCfg = Release|x64
		{31D60163-B473-43EB-9138-774DAEEE9768}.Release|x64.Build.0 = Release|x64
		{31D60163-B473-43EB-9138-774DAEEE9768}.Release|x86.ActiveCfg = Release|Win32
		{31D60163-B473-43EB-9138-774DAEEE9768}.Release|x86.Build.0 = Release|Win32
		{6D529044-4028-460A-91F1-DFF3D80C51F5}.Debug|x64.ActiveCfg = Debug|x64
		{6D529044-4028-460A-91F1-DFF3D80C51F5}.Debug|x64.Build.0 = Debug|x64
		{6D529044-4028-460A-91F1-DFF3D80C51F5}.Debug|x86.ActiveCfg = Debug|Win32
		{6D529044-4028-460A-91F1-DFF3D80C51F5}.Debug|x86.Build.0 = Debug|Win32
		{6D529044-4028-460A-91F1-DFF3D80C51F5}.Release|x64.ActiveCfg = Release|x64
		{6D529044-4028-460A-91F1-DFF3D80C51F5}.Release|x64.Build.0 = Release|x64
		{6D529044-4028-460A-91F1-DFF3D80C51F5}.Release|x86.ActiveCfg = Release|Win32
		{6D529044-4028-460A-91F1-DFF3D80C51F5}.Release|x86.Build.0 = Release|Win32
		{552D90FA-8B88-4462-B573-A538B8D7104D}.Debug|x64.ActiveCfg = Debug|x64
		{552D90FA-8B88-4462-B573-A538B8D7104D}.Debug|x64.Build.0 = Debug|x64
		{552D90FA-8B88-4462-B573-A538B8D7104D}.Debug|x86.ActiveCfg = Debug|Win32
		{552D90FA-8B88-4462-B573-A538B8D7104D}.Debug|x86.Build.0 = Debug|Win32
		{552D90FA-8B88-4462-B573-A538B8D7104D}.Release|x64.ActiveCfg = Release|x64
		{552D90FA-8B88-4462-B573-A538B8D7104D}.Release|x64.Build.0 = Release|x64
		{552D90FA-8B88-4462-B573-A538B8D7104D}.Release|x86.ActiveCfg = Release|Win32
		{552D90FA-8B88-4462-B573-A538B8D7104D}.Release|x86.Build.0 = Release|Win32
		{BAF287C0-ABB6-4DA6-A52B-1B561FFF136E}.Debug|x64.ActiveCfg = Debug|x64
		{BAF287C0-ABB6-4DA6-A52B-1B561FFF136E}.Debug|x64.Build.0 = Debug|x64
		{BAF287C0-ABB6-4DA6-A52B-1B561FFF136E}.Debug|x86.ActiveCfg = Debug|Win32
		{BAF287C0-ABB6-4DA6-A52B-1B561FFF136E}.Debug|x86.Build.0 = Debug|Win32
		{BAF287C0-ABB6-4DA6-A52B-1B561FFF136E}.Release|x64.ActiveCfg = Release|x64
		{BAF287C0-ABB6-4DA6-A52B-1B561FFF136E}.Release|x64.Build.0 = Release|x64
		{BAF287C0-ABB6-4DA6-A52B-1B561FFF136E}.Release|x86.ActiveCfg = Release|Win32
		{BAF287C0-ABB6-4DA6-A52B-1B561FFF136E}.Release|x86.Build.0 = Release|Win32
		{D8652360-6499-4A9D-879A-789495E1AF3C}.Debug|x64.ActiveCfg = Debug|x64
		{D8652360-6499-4A9D-879A-789495E1AF3C}.Debug|x64.Build.0 = Debug|x64
		{D8652360-6499-4A9D-879A-789495E1AF3C}.Debug|x86.ActiveCfg = Debug|Win32
		{D8652360-6499-4A9D-879A-789495E1AF3C}.Debug|x86.Build.0 = Debug|Win32
		{D8652360-6499-4A9D-879A-789495E1AF3C}.Release|x64.ActiveCfg = Release|x64
		{D8652360-6499-4A9D-879A-789495E1AF3C}.Release|x64.Build.0 = Release|x64
		{D8652360-6499-4A9D-879A-789495E1AF3C}.Release|x86.ActiveCfg = Release|Win32
		{D8652360-6499-4A9D-879A-789495E1AF3C}.Release|x86.Build.0 = Release|Win32
		{B1887CE5-BEDC-40A2-8207-2CA589416D61}.Debug|x64.ActiveCfg = Debug|x64
		{B1887CE5-BEDC-40A2-8207-2CA589416D61}.Debug|x64.Build.0 = Debug|x64
		{B1887CE5-BEDC-40A2-8207-2CA589416D61}.Debug|x86.ActiveCfg = Debug|Win32
		{B1887CE5-BEDC-40A2-8207-2CA589416D61}.Debug|x86.Build.0 = Debug|Win32
		{B1887CE5-BEDC-40A2-8207-2CA589416D61}.Release|x64.ActiveCfg = Release|x64
		{B1887CE5-BEDC-40A2-8207-2CA589416D61}.Release|x64.Build.0 = Release|x64
		{B1887CE5-BEDC-40A2-8207-2CA589416D61}.Release|x86.ActiveCfg = Release|Win32
		{B1887CE5-BEDC-40A2-8207-2CA589416D61}.Release|x86.Build.0 = Release|Win32
		{68F8CFC0-889F-4738-B2C7-C346DFA251CB}.Debug|x64.ActiveCfg = Debug|x64
		{68F8CFC0-889F-4738-B2C7-C346DFA251CB}.Debug|x64.Build.0 = Debug|x64
		{68F8CFC0-889F-4738-B2C7-C346DFA251CB}.Debug|x86.ActiveCfg = Debug|Win32
		{68F8CFC0-889F-4738-B2C7-C346DFA251CB}.Debug|x86.Build.0 = Debug|Win32
		{68F8CFC0-889F-4738-B2C7-C346DFA251CB}.Release|x64.ActiveCfg = Release|x64
		{68F8CFC0-889F-4738-B2C7-C346DFA251CB}.Release|x64.Build.0 = Release|x64
		{68F8CFC0-889F-4738-B2C7-C346DFA251CB}.Release|x86.ActiveCfg = Release|Win32
		{68F8CFC0-889F-4738-B2C7-C346DFA251CB}.Release|x86.Build.0 = Release|Win32
		{895976DC-9863-4B9F-B4EE-624AFC40E4C3}.Debug|x64.ActiveCfg = Debug|x64
		{895976DC-9863-4B9F-B4EE-624AFC40E4C3}.Debug|x64.Build.0 = Debug|x64
		{895976DC-9863-4B9F-B4EE-624AFC40E4C3}.Debug|x86.ActiveCfg = Debug|Win32
		{895976DC-9863-4B9F-B4EE-624AFC40E4C3}.Debug|x86.Build.0 = Debug|Win32
		{895976DC-9863-4B9F-B4EE-624AFC40E4C3}.Release|x64.ActiveCfg = Release|x64
		{895976DC-9863-4B9F-B4EE-624AFC40E4C3}.Release|x64.Build.0 = Release|x64
		{895976DC-9863-4B9F-B4EE-624AFC40E4C3}.Release|x86.ActiveCfg = Release|Win32
		{895976DC-9863-4B9F-B4EE-624AFC40E4C3}.Release|x86.Build.0 = Release|Win32
		{4349DECD-038F-434C-A406-77CC590F8E88}.Debug|x64.ActiveCfg = Debug|x64
		{4349DECD-038F-434C-A406-77CC590F8E88}.Debug|x64.Build.0 = Debug|x64
		{4349DECD-038F-434C-A406-77CC590F8E88}.Debug|x86.ActiveCfg = Debug|Win32
		{4349DECD-038F-434C-A406-77CC590F8E88}.Debug|x86.Build.0 = Debug|Win32
		{4349DECD-038F-434C-A406-77CC590F8E88}.Release|x64.ActiveCfg = Release|x64
		{4349DECD-038F-434C-A406-77CC590F8E88}.Release|x64.Build.0 = Release|x64
		{4349DECD-038F-434C-A406-77CC590F8E88}.Release|x86.ActiveCfg = Release|Win32
		{4349DECD-038F-434C-A406-77CC590F8E88}.Release|x86.Build.0 = Release|Win32
		{F19B9FD4-AD0F-450D-9450-D69237ED21E2}.Debug|x64.ActiveCfg = Debug|x64
		{F19B9FD4-AD0F-450D-9450-D69237ED21E2}.Debug|x64.Build.0 = Debug|x64
		{F19B9FD4-AD0F-450D-9450-D69237ED21E2}.Debug|x86.ActiveCfg = Debug|Win32
		{F19B9FD4-AD0F-450D-9450-D69237ED21E2}.Debug|x86.Build.0 = Debug|Win32
		{F19B9FD4-AD0F-450D-9450-D69237ED21E2}.Release|x64.ActiveCfg = Release|x64
		{F19B9FD4-AD0F-450D-9450-D69237ED21E2}.Release|x64.Build.0 = Release|x64
		{F19B9FD4-AD0F-450D-9450-D69237ED21E2}.Release|x86.ActiveCfg = Release|Win32
		{F19B9FD4-AD0F-450D-9450-D69237ED21E2}.Release|x86.Build.0 = Release|Win32
		{0A20E957-835C-45D1-8797-F76025C5BDAF}.Debug|x64.ActiveCfg = Debug|x64
		{0A20E957-835C-45D1-8797-F76025C5BDAF}.Debug|x64.Build.0 = Debug|x64
		{0A20E957-835C-45D1-8797-F76025C5BDAF}.Debug|x86.ActiveCfg = Debug|Win32
		{0A20E957-835C-45D1-8797-F76025C5BDAF}.Debug|x86.Build.0 = Debug|Win32
		{0A20E957-835C-45D1-8797-F76025C5BDAF}.Release|x64.ActiveCfg = Release|x64
		{0A20E957-835C-45D1-8797-F76025C5BDAF}.Release|x64.Build.0 = Release|x64
		{0A20E957-835C-45D1-8797-F76025C5BDAF}.Release|x86.ActiveCfg = Release|Win32
		{0A20E957-835C-45D1-8797-F76025C5BDAF}.Release|x86.Build.0 = Release|Win32
		{AFA17477-8218-410D-9261-C85CE765E75E}.Debug|x64.ActiveCfg = Debug|x64
		{AFA17477-8218-410D-9261-C85CE765E75E}.Debug|x64.Build.0 = Debug|x64
		{AFA17477-8218-410D-9261-C85CE765E75E}.Debug|x86.ActiveCfg = Debug|Win32
		{AFA17477-8218-410D-9261-C85CE765E75E}.Debug|x86.Build.0 = Debug|Win32
		{AFA17477-8218-410D-9261-C85CE765E75E}.Release|x64.ActiveCfg = Release|x64
		{AFA17477-8218-410D-9261-C85CE765E75E}.Release|x64.Build.0 = Release|x64
		{AFA17477-8218-410D-9261-C85CE765E75E}.Release|x86.ActiveCfg = Release|Win32
		{AFA17477-8218-410D-9261-C85CE765E75E}.Release|x86.Build.0 = Release|Win32
		{358BA576-8F24-4612-B781-F82B25F6090C}.Debug|x64.ActiveCfg = Debug|x64
		{358BA576-8F24-4612-B781-F82B25F6090C}.Debug|x64.Build.0 = Debug|x64
		{358BA576-8F24-4612-B781-F82B25F6090C}.Debug|x86.ActiveCfg = Debug|Win32
		{358BA576-8F24-4612-B781-F82B25F6090C}.Debug|x86.Build.0 = Debug|Win32
		{358BA576-8F24-4612-B781-F82B25F6090C}.Release|x64.ActiveCfg = Release|x64
		{358BA576-8F24-4612-B781-F82B25F6090C}.Release|x64.Build.0 = Release|x64
		{358BA576-8F24-4612-B781-F82B25F6090C}.Release|x86.ActiveCfg = Release|Win32
		{358BA576-8F24-4612-B781-F82B25F6090C}.Release|x86.Build.0 = Release|Win32
		{AC92E138-82FB-4007-AE88-5222093F4533}.Debug|x64.ActiveCfg = Debug|x64
		{AC92E138-82FB-4007-AE88-5222093F4533}.Debug|x64.Build.0 = Debug|x64
		{AC92E138-82FB-4007-AE88-5222093F4533}.Debug|x86.ActiveCfg = Debug|Win32
		{AC92E138-82FB-4007-AE88-5222093F4533}.Debug|x86.Build.0 = Debug|Win32
		{AC92E138-82FB-4007-AE88-5222093F4533}.Release|x64.ActiveCfg = Release|x64
		{AC92E138-82FB-4007-AE88-5222093F4533}.Release|x64.Build.0 = Release|x64
		{AC92E138-82FB-4007-AE88-5222093F4533}.Release|x86.ActiveCfg = Release|Win32
		{AC92E138-82FB-4007-AE88-5222093F4533}.Release|x86.Build.0 = Release|Win32
		{5A5868F4-E36C-4B6D-B0C2-FA936EC1820A}.Debug|x64.ActiveCfg = Debug|x64
		{5A5868F4-E36C-4B6D-B0C2-FA936EC1820A}.Debug|x64.Build.0 = Debug|x64
		{5A5868F4-E36C-4B6D-B0C2-FA936EC1820A}.Debug|x86.ActiveCfg = Debug|Win32
		{5A5868F4-E36C-4B6D-B0C2-FA936EC1820A}.Debug|x86.Build.0 = Debug|Win32
		{5A5868F4-E36C-4B6D-B0C2-FA936EC1820A}.Release|x64.ActiveCfg = Release|x64
		{5A5868F4-E36C-4B6D-B0C2-FA936EC1820A}.Release|x64.Build.0 = Release|x64
		{5A5868F4-E36C-4B6D-B0C2-FA936EC1820A}.Release|x86.ActiveCfg = Release|Win32
		{5A5868F4-E36C-4B6D-B0C2-FA936EC1820A}.Release|x86.Build.0 = Release|Win32
		{40BE5ACA-8029-4B7B-ACCB-BB5CC0EC48FF}.Debug|x64.ActiveCfg = Debug|x64
		{40BE5ACA-8029-4B7B-ACCB-BB5CC0EC48FF}.Debug|x64.Build.0 = Debug|x64
		{40BE5ACA-8029-4B7B-ACCB-BB5CC0EC48FF}.Debug|x86.ActiveCfg = Debug|Win32
		{40BE5ACA-8029-4B7B-ACCB-BB5CC0EC48FF}.Debug|x86.Build.0 = Debug|Win32
		{40BE5ACA-8029-4B7B-ACCB-BB5CC0EC48FF}.Release|x64.ActiveCfg = Release|x64
		{40BE5ACA-8029-4B7B-ACCB-BB5CC0EC48FF}.Release|x64.Build.0 = Release|x64
		{40BE5ACA-8029-4B7B-ACCB-BB5CC0EC48FF}.Release|x86.ActiveCfg = Release|Win32
		{40BE5ACA-8029-4B7B-ACCB-BB5CC0EC48FF}.Release|x86.Build.0 = Release|Win32
		{09C246DF-B9A7-41DF-8E69-76F17685C652}.Debug|x64.ActiveCfg = Debug|x64
		{09C246DF-B9A7-41DF-8E69-76F17685C652}.Debug|x64.Build.0 = Debug|x64
		{09C246DF-B9A7-41DF-8E69-76F17685C652}.Debug|x86.ActiveCfg = Debug|Win32
		{09C246DF-B9A7-41DF-8E69-76F17685C652}.Debug|x86.Build.0 = Debug|Win32
		{09C246DF-B9A7-41DF-8E69-76F17685C652}.Release|x64.ActiveCfg = Release|x64
		{09C246DF-B9A7-41DF-8E69-76F17685C652}.Release|x64.Build.0 = Release|x64
		{09C246DF-B9A7-41DF-8E69-76F17685C652}.Release|x86.ActiveCfg = Release|Win32
		{09C246DF-B9A7-41DF-8E69-76F17685C652}.Release|x86.Build.0 = Release|Win32
		{8E215A2F-B3A4-4A7C-9F9A-7CEA0C0DAEE0}.Debug|x64.ActiveCfg = Debug|x64
		{8E215A2F-B3A4-4A7C-9F9A-7CEA0C0DAEE0}.Debug|x64.Build.0 = Debug|x64
		{8E215A2F-B3A4-4A7C-9F9A-7CEA0C0DAEE0}.Debug|x86.ActiveCfg = Debug|Win32
		{8E215A2F-B3A4-4A7C-9F9A-7CEA0C0DAEE0}.Debug|x86.Build.0 = Debug|Win32
		{8E215A2F-B3A4-4A7C-9F9A-7CEA0C0DAEE0}.Release|x64.ActiveCfg = Release|x64
		{8E215A2F-B3A4-4A7C-9F9A-7CEA0C0DAEE0}.Release|x64.Build.0 = Release|x64
		{8E215A2F-B3A4-4A7C-9F9A-7CEA0C0DAEE0}.Release|x86.ActiveCfg = Release|Win32
		{8E215A2F-B3A4-4A7C-9F9A-7CEA0C0DAEE0}.Release|x86.Build.0 = Release|Win32
		{0CEAA2D4-E9D3-4A96-9736-92068BECC67D}.Debug|x64.ActiveCfg = Debug|x64
		{0CEAA2D4-E9D3-4A96-9736-92068BECC67D}.Debug|x64.Build.0 = Debug|x64
		{0CEAA2D4-E9D3-4A96-9736-92068BECC67D}.Debug|x86.ActiveCfg = Debug|Win32
		{0CEAA2D4-E9D3-4A96-9736-92068BECC67D}.Debug|x86.Build.0 = Debug|Win32
		{0CEAA2D4-E9D3-4A96-9736-92068BECC67D}.Release|x64.ActiveCfg = Release|x64
		{0CEAA2D4-E9D3-4A96-9736-92068BECC67D}.Release|x64.Build.0 = Release|x64
		{0CEAA2D4-E9D3-4A96-9736-92068BECC67D}.Release|x86.ActiveCfg = Release|Win32
		{0CEAA2D4-E9D3-4A96-9736-92068BECC67D}.Release|x86.Build.0 = Release|Win32
		{A0717E72-6C1A-4340-88D0-95C0F9252195}.Debug|x64.ActiveCfg = Debug|x64
		{A0717E72-6C1A-4340-88D0-95C0F9252195}.Debug|x64.Build.0 = Debug|x64
		{A0717E72-6C1A-4340-88D0-95C0F9252195}.Debug|x86.ActiveCfg = Debug|Win32
		{A0717E72-6C1A-4340-88D0-95C0F9252195}.Debug|x86.Build.0 = Debug|Win32
		{A0717E72-6C1A-4340-88D0-95C0F9252195}.Release|x64.ActiveCfg = Release|x64
		{A0717E72-6C1A-4340-88D0-95C0F9252195}.Release|x64.Build.0 = Release|x64
		{A0717E72-6C1A-4340-88D0-95C0F9252195}.Release|x86.ActiveCfg = Release|Win32
		{A0717E72-6C1A-4340-88D0-95C0F9252195}.Release|x86.Build.0 = Release|Win32
		{0BA4A9E7-4513-45D2-9121-36EBE1BBAB3A}.Debug|x64.ActiveCfg = Debug|x64
		{0BA4A9E7-4513-45D2-9121-36EBE1BBAB3A}.Debug|x64.Build.0 = Debug|x64
		{0BA4A9E7-4513-45D2-9121-36EBE1BBAB3A}.Debug|x86.ActiveCfg = Debug|Win32
		{0BA4A9E7-4513-45D2-9121-36EBE1BBAB3A}.Debug|x86.Build.0 = Debug|Win32
		{0BA4A9E7-4513-45D2-9121-36EBE1BBAB3A}.Release|x64.ActiveCfg = Release|x64
		{0BA4A9E7-4513-45D2-9121-36EBE1BBAB3A}.Release|x64.Build.0 = Release|x64
		{0BA4A9E7-4513-45D2-9121-36EBE1BBAB3A}.Release|x86.ActiveCfg = Release|Win32
		{0BA4A9E7-4513-45D2-9121-36EBE1BBAB3A}.Release|x86.Build.0 = Release|Win32
		{F37C0A65-F9A6-4676-9DF9-597C772823E5}.Debug|x64.ActiveCfg = Debug|x64
		{F37C0A65-F9A6-4676-9DF9-597C772823E5}.Debug|x64.Build.0 = Debug|x64
		{F37C0A65-F9A6-4676-9DF9-597C772823E5}.Debug|x86.ActiveCfg = Debug|Win32
		{F37C0A65-F9A6-4676-9DF9-597C772823E5}.Debug|x86.Build.0 = Debug|Win32
		{F37C0A65-F9A6-4676-9DF9-597C772823E5}.Release|x64.ActiveCfg = Release|x64
		{F37C0A65-F9A6-4676-9DF9-597C772823E5}.Release|x64.Build.0 = Release|x64
		{F37C0A65-F9A6-4676-9DF9-597C772823E5}.Release|x86.ActiveCfg = Release|Win32
		{F37C0A65-F9A6-4676-9DF9-597C772823E5}.Release|x86.Build.0 = Release|Win32
		{BE43401E-1DFB-424D-B616-1880AAB56E68}.Debug|x64.ActiveCfg = Debug|x64
		{BE43401E-1DFB-424D-B616-1880AAB56E68}.Debug|x64.Build.0 = Debug|x64
		{BE43401E-1DFB-424D-B616-1880AAB56E68}.Debug|x86.ActiveCfg = Debug|Win32
		{BE43401E-1DFB-424D-B616-1880AAB56E68}.Debug|x86.Build.0 = Debug|Win32
		{BE43401E-1DFB-424D-B616-1880AAB56E68}.Release|x64.ActiveCfg = Release|x64
		{BE43401E-1DFB-424D-B616-1880AAB56E68}.Release|x64.Build.0 = Release|x64
		{BE43401E-1DFB-424D-B616-1880AAB56E68}.Release|x86.ActiveCfg = Release|Win32
		{BE43401E-1DFB-424D-B616-1880AAB56E68}.Release|x86.Build.0 = Release|Win32
		{1E294D9B-D5D8-4920-A2C8-6133F1575628}.Debug|x64.ActiveCfg = Debug|x64
		{1E294D9B-D5D8-4920-A2C8-6133F1575628}.Debug|x64.Build.0 = Debug|x64
		{1E294D9B-D5D8-4920-A2C8-6133F1575628}.Debug|x86.ActiveCfg = Debug|Win32
		{1E294D9B-D5D8-4920-A2C8-6133F1575628}.Debug|x86.Build.0 = Debug|Win32
		{1E294D9B-D5D8-4920-A2C8-6133F1575628}.Release|x64.ActiveCfg = Release|x64
		{1E294D9B-D5D8-4920-A2C8-6133F1575628}.Release|x64.Build.0 = Release|x64
		{1E294D9B-D5D8-4920-A2C8-6133F1575628}.Release|x86.ActiveCfg = Release|Win32
		{1E294D9B-D5D8-4920-A2C8-6133F1575628}.Release|x86.Build.0 = Release|Win32
		{61C3FA92-8221-44B4-80C4-EA7B0199288D}.Debug|x64.ActiveCfg = Debug|x64
		{61C3FA92-8221-44B4-80C4-EA7B0199288D}.Debug|x64.Build.0 = Debug|x64
		{61C3FA92-8221-44B4-80C4-EA7B0199288D}.Debug|x86.ActiveCfg = Debug|Win32
		{61C3FA92-8221-44B4-80C4-EA7B0199288D}.Debug|x86.Build.0 = Debug|Win32
		{61C3FA92-8221-44B4-80C4-EA7B0199288D}.Release|x64.ActiveCfg = Release|x64
		{61C3FA92-8221-44B4-80C4-EA7B0199288D}.Release|x64.Build.0 = Release|x64
		{61C3FA92-8221-44B4-80C4-EA7B0199288D}.Release|x86.ActiveCfg = Release|Win32
		{61C3FA92-8221-44B4-80C4-EA7B0199288D}.Release|x86.Build.0 = Release|Win32
		{664C2CF2-8592-4EF4-AB9A-D3ADC8A1EABC}.Debug|x64.ActiveCfg = Debug|x64
		{664C2CF2-8592-4EF4-AB9A-D3ADC8A1EABC}.Debug|x64.Build.0 = Debug|x64
		{664C2CF2-8592-4EF4-AB9A-D3ADC8A1EABC}.Debug|x86.ActiveCfg = Debug|Win32
		{664C2CF2-8592-4EF4-AB9A-D3ADC8A1EABC}.Debug|x86.Build.0 = Debug|Win32
		{664C2CF2-8592-4EF4-AB9A-D3ADC8A1EABC}.Release|x64.ActiveCfg = Release|x64
		{664C2CF2-8592-4EF4-AB9A-D3ADC8A1EABC}.Release|x64.Build.0 = Release|x64
		{664C2CF2-8592-4EF4-AB9A-D3ADC8A1EABC}.Release|x86.ActiveCfg = Release|Win32
		{664C2CF2-8592-4EF4-AB9A-D3ADC8A1EABC}.Release|x86.Build.0 = Release|Win32
		{11D914AB-E400-4757-93FC-2B331550FC22}.Debug|x64.ActiveCfg = Debug|x64
		{11D914AB-E400-4757-93FC-2B331550FC22}.Debug|x64.Build.0 = Debug|x64
		{11D914AB-E400-4757-93FC-2B331550FC22}.Debug|x86.ActiveCfg = Debug|Win32
		{11D914AB-E400-4757-93FC-2B331550FC22}.Debug|x86.Build.0 = Debug|Win32
		{11D914AB-E400-4757-93FC-2B331550FC22}.Release|x64.ActiveCfg = Release|x64
		{11D914AB-E400-4757-93FC-2B331550FC22}.Release|x64.Build.0 = Release|x64
		{11D914AB-E400-4757-93FC-2B331550FC22}.Release|x86.ActiveCfg = Release|Win32
		{11D914AB-E400-4757-93FC-2B331550FC22}.Release|x86.Build.0 = Release|Win32
		{F68C785F-EBFC-4C52-98EB-F1FA04EE0D44}.Debug|x64.ActiveCfg = Debug|x64
		{F68C785F-EBFC-4C52-98EB-F1FA04EE0D44}.Debug|x64.Build.0 = Debug|x64
		{F68C785F-EBFC-4C52-98EB-F1FA04EE0D44}.Debug|x86.ActiveCfg = Debug|Win32
		{F68C785F-EBFC-4C52-98EB-F1FA04EE0D44}.Debug|x86.Build.0 = Debug|Win32
		{F68C785F-EBFC-4C52-98EB-F1FA04EE0D44}.Release|x64.ActiveCfg = Release|x64
		{F68C785F-EBFC-4C52-98EB-F1FA04EE0D44}.Release|x64.Build.0 = Release|x64
		{F68C785F-EBFC-4C52-98EB-F1FA04EE0D44}.Release|x86.ActiveCfg = Release|Win32
		{F68C785F-EBFC-4C52-98EB-F1FA04EE0D44}.Release|x86.Build.0 = Release|Win32
		{00A5AE43-C2D4-49CC-8F3A-1B6B5C80193C}.Debug|x64.ActiveCfg = Debug|x64
		{00A5AE43-C2D4-49CC-8F3A-1B6B5C80193C}.Debug|x64.Build.0 = Debug|x64
		{00A5AE43-C2D4-49CC-8F3A-1B6B5C80193C}.Debug|x86.ActiveCfg = Debug|Win32
		{00A5AE43-C2D4-49CC-8F3A-1B6B5C80193C}.Debug|x86.Build.0 = Debug|Win32
		{00A5AE43-C2D4-49CC-8F3A-1B6B5C80193C}.Release|x64.ActiveCfg = Release|x64
		{00A5AE43-C2D4-49CC-8F3A-1B6B5C80193C}.Release|x64.Build.0 = Release|x64
		{00A5AE43-C2D4-49CC-8F3A-1B6B5C80193C}.Release|x86.ActiveCfg = Release|Win32
		{00A5AE43-C2D4-49CC-8F3A-1B6B5C80193C}.Release|x86.Build.0 = Release|Win32
		{B8C13918-D64B-4073-AB19-2BDE4FC3BB0D}.Debug|x64.ActiveCfg = Debug|x64
		{B8C13918-D64B-4073-AB19-2BDE4FC3BB0D}.Debug|x64.Build.0 = Debug|x64
		{B8C13918-D64B-4073-AB19-2BDE4FC3BB0D}.Debug|x86.ActiveCfg = Debug|Win32
		{B8C13918-D64B-4073-AB19-2BDE4FC3BB0D}.Debug|x86.Build.0 = Debug|Win32
		{B8C13918-D64B-4073-AB19-2BDE4FC3BB0D}.Release|x64.ActiveCfg = Release|x64
		{B8C13918-D64B-4073-AB19-2BDE4FC3BB0D}.Release|x64.Build.0 = Release|x64
		{B8C13918-D64B-4073-AB19-2BDE4FC3BB0D}.Release|x86.ActiveCfg = Release|Win32
		{B8C13918-D64B-4073-AB19-2BDE4FC3BB0D}.Release|x86.Build.0 = Release|Win32
		{479F1C68-EC39-48B7-BA21-CA1E3B596A92}.Debug|x64.ActiveCfg = Debug|x64
		{479F1C68-EC39-48B7-BA21-CA1E3B596A92}.Debug|x64.Build.0 = Debug|x64
		{479F1C68-EC39-48B7-BA21-CA1E3B596A92}.Debug|x86.ActiveCfg = Debug|Win32
		{479F1C68-EC39-48B7-BA21-CA1E3B596A92}.Debug|x86.Build.0 = Debug|Win32
		{479F1C68-EC39-48B7-BA21-CA1E3B596A92}.Release|x64.ActiveCfg = Release|x64
		{479F1C68-EC39-48B7-BA21-CA1E3B596A92}.Release|x64.Build.0 = Release|x64
		{479F1C68-EC39-48B7-BA21-CA1E3B596A92}.Release|x86.ActiveCfg = Release|Win32
		{479F1C68-EC39-48B7-BA21-CA1E3B596A92}.Release|x86.Build.0 = Release|Win32
		{2A3BBFCC-2A22-40C1-A1B2-3B23D6629422}.Debug|x64.ActiveCfg = Debug|x64
		{2A3BBFCC-2A22-40C1-A1B2-3B23D6629422}.Debug|x64.Build.0 = Debug|x64
		{2A3BBFCC-2A22-40C1-A1B2-3B23D6629422}.Debug|x86.ActiveCfg = Debug|Win32
		{2A3BBFCC-2A22-40C1-A1B2-3B23D6629422}.Debug|x86.Build.0 = Debug|Win32
		{2A3BBFCC-2A22-40C1-A1B2-3B23D6629422}.Release|x64.ActiveCfg = Release|x64
		{2A3BBFCC-2A22-40C1-A1B2-3B23D6629422}.Release|x64.Build.0 = Release|x64
		{2A3BBFCC-2A22-40C1-A1B2-3B23D6629422}.Release|x86.ActiveCfg = Release|Win32
		{2A3BBFCC-2A22-40C1-A1B2-3B23D6629422}.Release|x86.Build.0 = Release|Win32
		{05C7E24E-1448-4527-9D59-033BF27F8F23}.Debug|x64.ActiveCfg = Debug|x64
		{05C7E24E-1448-4527-9D59-033BF27F8F23}.Debug|x64.Build.0 = Debug|x64
		{05C7E24E-1448-4527-9D59-033BF27F8F23}.Debug|x86.ActiveCfg = Debug|Win32
		{05C7E24E-1448-4527-9D59-033BF27F8F23}.Debug|x86.Build.0 = Debug|Win32
		{05C7E24E-1448-4527-9D59-033BF27F8F23}.Release|x64.ActiveCfg = Release|x64
		{05C7E24E-1448-4527-9D59-033BF27F8F23}.Release|x64.Build.0 = Release|x64
		{05C7E24E-1448-4527-9D59-033BF27F8F23}.Release|x86.ActiveCfg = Release|Win32
		{05C7E24E-1448-4527-9D59-033BF27F8F23}.Release|x86.Build.0 = Release|Win32
	EndGlobalSection
	GlobalSection(SolutionProperties) = preSolution
		HideSolutionNode = FALSE
	EndGlobalSection
	GlobalSection(ExtensibilityGlobals) = postSolution
		SolutionGuid = {ACA8DD42-9DD8-49A9-85B5-D769467A758A}
	EndGlobalSection
EndGlobal
