
Microsoft Visual Studio Solution File, Format Version 12.00
# Visual Studio Version 16
VisualStudioVersion = 16.0.29201.188
MinimumVisualStudioVersion = 10.0.40219.1
Project("{8BC9CEB8-8B4A-11D0-8D11-00A0C91BC942}") = "简单数学B1003", "简单数学B1003\简单数学B1003.vcxproj", "{09C246DF-B9A7-41DF-8E69-76F17685C652}"
EndProject
Project("{8BC9CEB8-8B4A-11D0-8D11-00A0C91BC942}") = "简单数学B1019_A1069", "简单数学B1019_A1069\简单数学B1019_A1069.vcxproj", "{F136C33C-8BDC-4244-9BE6-7F01BF5AEAAE}"
EndProject
Project("{8BC9CEB8-8B4A-11D0-8D11-00A0C91BC942}") = "简单数学B1049_A1104", "简单数学B1049_A1104\简单数学B1049_A1104.vcxproj", "{DCF35749-F042-46BA-BDDF-DD0C4E4521AF}"
EndProject
Project("{8BC9CEB8-8B4A-11D0-8D11-00A0C91BC942}") = "简单数学A1008", "简单数学A1008\简单数学A1008.vcxproj", "{8F5550E9-B743-46C8-8AB6-2ACBEDE75D06}"
EndProject
Project("{8BC9CEB8-8B4A-11D0-8D11-00A0C91BC942}") = "简单数学A1049", "简单数学A1049\简单数学A1049.vcxproj", "{52213BE2-6B60-4661-AE0C-544992D548B0}"
EndProject
Project("{8BC9CEB8-8B4A-11D0-8D11-00A0C91BC942}") = "最大公约数与最小公倍数B1008", "最大公约数与最小公倍数B1008\最大公约数与最小公倍数B1008.vcxproj", "{35BF0AB2-8FE3-42AE-A9B3-A5B362C7CA5B}"
EndProject
Project("{8BC9CEB8-8B4A-11D0-8D11-00A0C91BC942}") = "最大公约数与最小公倍数codeup1818", "最大公约数与最小公倍数codeup1818\最大公约数与最小公倍数codeup1818.vcxproj", "{266FBF95-C717-4F13-BC0C-6394A159758B}"
EndProject
Project("{8BC9CEB8-8B4A-11D0-8D11-00A0C91BC942}") = "分数的四则运算A1081", "分数的四则运算A1081\分数的四则运算A1081.vcxproj", "{47B03E89-D630-4FE7-934B-DD28B7AE1497}"
EndProject
Project("{8BC9CEB8-8B4A-11D0-8D11-00A0C91BC942}") = "分数的四则运算B1034_A1088", "分数的四则运算B1034_A1088\分数的四则运算B1034_A1088.vcxproj", "{2593B6A0-79B3-4554-B8FC-C76E34171FE4}"
EndProject
Project("{8BC9CEB8-8B4A-11D0-8D11-00A0C91BC942}") = "素数B1007", "素数B1007\素数B1007.vcxproj", "{50154A6C-A1AA-42B7-AEB4-AFE5EF3F8DAA}"
EndProject
Project("{8BC9CEB8-8B4A-11D0-8D11-00A0C91BC942}") = "素数B1013", "素数B1013\素数B1013.vcxproj", "{EEFCA3B4-B058-40E1-A768-F29F570A88C1}"
EndProject
Project("{8BC9CEB8-8B4A-11D0-8D11-00A0C91BC942}") = "素数A1015", "素数A1015\素数A1015.vcxproj", "{9276FEA2-50E9-4FC0-B9C7-1BCC652667B4}"
EndProject
Project("{8BC9CEB8-8B4A-11D0-8D11-00A0C91BC942}") = "素数A1078", "素数A1078\素数A1078.vcxproj", "{E09D98DA-F8D0-4746-BFD1-8A33B9A1F759}"
EndProject
Project("{8BC9CEB8-8B4A-11D0-8D11-00A0C91BC942}") = "质因子分解A1059", "质因子分解A1059\质因子分解A1059.vcxproj", "{77CF7001-F9B3-4D88-861E-EE42933D4379}"
EndProject
Project("{8BC9CEB8-8B4A-11D0-8D11-00A0C91BC942}") = "因子分解A1096", "因子分解A1096\因子分解A1096.vcxproj", "{7D25C02B-FDA7-4D41-8B37-D188DD327A01}"
EndProject
Global
	GlobalSection(SolutionConfigurationPlatforms) = preSolution
		Debug|x64 = Debug|x64
		Debug|x86 = Debug|x86
		Release|x64 = Release|x64
		Release|x86 = Release|x86
	EndGlobalSection
	GlobalSection(ProjectConfigurationPlatforms) = postSolution
		{09C246DF-B9A7-41DF-8E69-76F17685C652}.Debug|x64.ActiveCfg = Debug|x64
		{09C246DF-B9A7-41DF-8E69-76F17685C652}.Debug|x64.Build.0 = Debug|x64
		{09C246DF-B9A7-41DF-8E69-76F17685C652}.Debug|x86.ActiveCfg = Debug|Win32
		{09C246DF-B9A7-41DF-8E69-76F17685C652}.Debug|x86.Build.0 = Debug|Win32
		{09C246DF-B9A7-41DF-8E69-76F17685C652}.Release|x64.ActiveCfg = Release|x64
		{09C246DF-B9A7-41DF-8E69-76F17685C652}.Release|x64.Build.0 = Release|x64
		{09C246DF-B9A7-41DF-8E69-76F17685C652}.Release|x86.ActiveCfg = Release|Win32
		{09C246DF-B9A7-41DF-8E69-76F17685C652}.Release|x86.Build.0 = Release|Win32
		{F136C33C-8BDC-4244-9BE6-7F01BF5AEAAE}.Debug|x64.ActiveCfg = Debug|x64
		{F136C33C-8BDC-4244-9BE6-7F01BF5AEAAE}.Debug|x64.Build.0 = Debug|x64
		{F136C33C-8BDC-4244-9BE6-7F01BF5AEAAE}.Debug|x86.ActiveCfg = Debug|Win32
		{F136C33C-8BDC-4244-9BE6-7F01BF5AEAAE}.Debug|x86.Build.0 = Debug|Win32
		{F136C33C-8BDC-4244-9BE6-7F01BF5AEAAE}.Release|x64.ActiveCfg = Release|x64
		{F136C33C-8BDC-4244-9BE6-7F01BF5AEAAE}.Release|x64.Build.0 = Release|x64
		{F136C33C-8BDC-4244-9BE6-7F01BF5AEAAE}.Release|x86.ActiveCfg = Release|Win32
		{F136C33C-8BDC-4244-9BE6-7F01BF5AEAAE}.Release|x86.Build.0 = Release|Win32
		{DCF35749-F042-46BA-BDDF-DD0C4E4521AF}.Debug|x64.ActiveCfg = Debug|x64
		{DCF35749-F042-46BA-BDDF-DD0C4E4521AF}.Debug|x64.Build.0 = Debug|x64
		{DCF35749-F042-46BA-BDDF-DD0C4E4521AF}.Debug|x86.ActiveCfg = Debug|Win32
		{DCF35749-F042-46BA-BDDF-DD0C4E4521AF}.Debug|x86.Build.0 = Debug|Win32
		{DCF35749-F042-46BA-BDDF-DD0C4E4521AF}.Release|x64.ActiveCfg = Release|x64
		{DCF35749-F042-46BA-BDDF-DD0C4E4521AF}.Release|x64.Build.0 = Release|x64
		{DCF35749-F042-46BA-BDDF-DD0C4E4521AF}.Release|x86.ActiveCfg = Release|Win32
		{DCF35749-F042-46BA-BDDF-DD0C4E4521AF}.Release|x86.Build.0 = Release|Win32
		{8F5550E9-B743-46C8-8AB6-2ACBEDE75D06}.Debug|x64.ActiveCfg = Debug|x64
		{8F5550E9-B743-46C8-8AB6-2ACBEDE75D06}.Debug|x64.Build.0 = Debug|x64
		{8F5550E9-B743-46C8-8AB6-2ACBEDE75D06}.Debug|x86.ActiveCfg = Debug|Win32
		{8F5550E9-B743-46C8-8AB6-2ACBEDE75D06}.Debug|x86.Build.0 = Debug|Win32
		{8F5550E9-B743-46C8-8AB6-2ACBEDE75D06}.Release|x64.ActiveCfg = Release|x64
		{8F5550E9-B743-46C8-8AB6-2ACBEDE75D06}.Release|x64.Build.0 = Release|x64
		{8F5550E9-B743-46C8-8AB6-2ACBEDE75D06}.Release|x86.ActiveCfg = Release|Win32
		{8F5550E9-B743-46C8-8AB6-2ACBEDE75D06}.Release|x86.Build.0 = Release|Win32
		{52213BE2-6B60-4661-AE0C-544992D548B0}.Debug|x64.ActiveCfg = Debug|x64
		{52213BE2-6B60-4661-AE0C-544992D548B0}.Debug|x64.Build.0 = Debug|x64
		{52213BE2-6B60-4661-AE0C-544992D548B0}.Debug|x86.ActiveCfg = Debug|Win32
		{52213BE2-6B60-4661-AE0C-544992D548B0}.Debug|x86.Build.0 = Debug|Win32
		{52213BE2-6B60-4661-AE0C-544992D548B0}.Release|x64.ActiveCfg = Release|x64
		{52213BE2-6B60-4661-AE0C-544992D548B0}.Release|x64.Build.0 = Release|x64
		{52213BE2-6B60-4661-AE0C-544992D548B0}.Release|x86.ActiveCfg = Release|Win32
		{52213BE2-6B60-4661-AE0C-544992D548B0}.Release|x86.Build.0 = Release|Win32
		{35BF0AB2-8FE3-42AE-A9B3-A5B362C7CA5B}.Debug|x64.ActiveCfg = Debug|x64
		{35BF0AB2-8FE3-42AE-A9B3-A5B362C7CA5B}.Debug|x64.Build.0 = Debug|x64
		{35BF0AB2-8FE3-42AE-A9B3-A5B362C7CA5B}.Debug|x86.ActiveCfg = Debug|Win32
		{35BF0AB2-8FE3-42AE-A9B3-A5B362C7CA5B}.Debug|x86.Build.0 = Debug|Win32
		{35BF0AB2-8FE3-42AE-A9B3-A5B362C7CA5B}.Release|x64.ActiveCfg = Release|x64
		{35BF0AB2-8FE3-42AE-A9B3-A5B362C7CA5B}.Release|x64.Build.0 = Release|x64
		{35BF0AB2-8FE3-42AE-A9B3-A5B362C7CA5B}.Release|x86.ActiveCfg = Release|Win32
		{35BF0AB2-8FE3-42AE-A9B3-A5B362C7CA5B}.Release|x86.Build.0 = Release|Win32
		{266FBF95-C717-4F13-BC0C-6394A159758B}.Debug|x64.ActiveCfg = Debug|x64
		{266FBF95-C717-4F13-BC0C-6394A159758B}.Debug|x64.Build.0 = Debug|x64
		{266FBF95-C717-4F13-BC0C-6394A159758B}.Debug|x86.ActiveCfg = Debug|Win32
		{266FBF95-C717-4F13-BC0C-6394A159758B}.Debug|x86.Build.0 = Debug|Win32
		{266FBF95-C717-4F13-BC0C-6394A159758B}.Release|x64.ActiveCfg = Release|x64
		{266FBF95-C717-4F13-BC0C-6394A159758B}.Release|x64.Build.0 = Release|x64
		{266FBF95-C717-4F13-BC0C-6394A159758B}.Release|x86.ActiveCfg = Release|Win32
		{266FBF95-C717-4F13-BC0C-6394A159758B}.Release|x86.Build.0 = Release|Win32
		{47B03E89-D630-4FE7-934B-DD28B7AE1497}.Debug|x64.ActiveCfg = Debug|x64
		{47B03E89-D630-4FE7-934B-DD28B7AE1497}.Debug|x64.Build.0 = Debug|x64
		{47B03E89-D630-4FE7-934B-DD28B7AE1497}.Debug|x86.ActiveCfg = Debug|Win32
		{47B03E89-D630-4FE7-934B-DD28B7AE1497}.Debug|x86.Build.0 = Debug|Win32
		{47B03E89-D630-4FE7-934B-DD28B7AE1497}.Release|x64.ActiveCfg = Release|x64
		{47B03E89-D630-4FE7-934B-DD28B7AE1497}.Release|x64.Build.0 = Release|x64
		{47B03E89-D630-4FE7-934B-DD28B7AE1497}.Release|x86.ActiveCfg = Release|Win32
		{47B03E89-D630-4FE7-934B-DD28B7AE1497}.Release|x86.Build.0 = Release|Win32
		{2593B6A0-79B3-4554-B8FC-C76E34171FE4}.Debug|x64.ActiveCfg = Debug|x64
		{2593B6A0-79B3-4554-B8FC-C76E34171FE4}.Debug|x64.Build.0 = Debug|x64
		{2593B6A0-79B3-4554-B8FC-C76E34171FE4}.Debug|x86.ActiveCfg = Debug|Win32
		{2593B6A0-79B3-4554-B8FC-C76E34171FE4}.Debug|x86.Build.0 = Debug|Win32
		{2593B6A0-79B3-4554-B8FC-C76E34171FE4}.Release|x64.ActiveCfg = Release|x64
		{2593B6A0-79B3-4554-B8FC-C76E34171FE4}.Release|x64.Build.0 = Release|x64
		{2593B6A0-79B3-4554-B8FC-C76E34171FE4}.Release|x86.ActiveCfg = Release|Win32
		{2593B6A0-79B3-4554-B8FC-C76E34171FE4}.Release|x86.Build.0 = Release|Win32
		{50154A6C-A1AA-42B7-AEB4-AFE5EF3F8DAA}.Debug|x64.ActiveCfg = Debug|x64
		{50154A6C-A1AA-42B7-AEB4-AFE5EF3F8DAA}.Debug|x64.Build.0 = Debug|x64
		{50154A6C-A1AA-42B7-AEB4-AFE5EF3F8DAA}.Debug|x86.ActiveCfg = Debug|Win32
		{50154A6C-A1AA-42B7-AEB4-AFE5EF3F8DAA}.Debug|x86.Build.0 = Debug|Win32
		{50154A6C-A1AA-42B7-AEB4-AFE5EF3F8DAA}.Release|x64.ActiveCfg = Release|x64
		{50154A6C-A1AA-42B7-AEB4-AFE5EF3F8DAA}.Release|x64.Build.0 = Release|x64
		{50154A6C-A1AA-42B7-AEB4-AFE5EF3F8DAA}.Release|x86.ActiveCfg = Release|Win32
		{50154A6C-A1AA-42B7-AEB4-AFE5EF3F8DAA}.Release|x86.Build.0 = Release|Win32
		{EEFCA3B4-B058-40E1-A768-F29F570A88C1}.Debug|x64.ActiveCfg = Debug|x64
		{EEFCA3B4-B058-40E1-A768-F29F570A88C1}.Debug|x64.Build.0 = Debug|x64
		{EEFCA3B4-B058-40E1-A768-F29F570A88C1}.Debug|x86.ActiveCfg = Debug|Win32
		{EEFCA3B4-B058-40E1-A768-F29F570A88C1}.Debug|x86.Build.0 = Debug|Win32
		{EEFCA3B4-B058-40E1-A768-F29F570A88C1}.Release|x64.ActiveCfg = Release|x64
		{EEFCA3B4-B058-40E1-A768-F29F570A88C1}.Release|x64.Build.0 = Release|x64
		{EEFCA3B4-B058-40E1-A768-F29F570A88C1}.Release|x86.ActiveCfg = Release|Win32
		{EEFCA3B4-B058-40E1-A768-F29F570A88C1}.Release|x86.Build.0 = Release|Win32
		{9276FEA2-50E9-4FC0-B9C7-1BCC652667B4}.Debug|x64.ActiveCfg = Debug|x64
		{9276FEA2-50E9-4FC0-B9C7-1BCC652667B4}.Debug|x64.Build.0 = Debug|x64
		{9276FEA2-50E9-4FC0-B9C7-1BCC652667B4}.Debug|x86.ActiveCfg = Debug|Win32
		{9276FEA2-50E9-4FC0-B9C7-1BCC652667B4}.Debug|x86.Build.0 = Debug|Win32
		{9276FEA2-50E9-4FC0-B9C7-1BCC652667B4}.Release|x64.ActiveCfg = Release|x64
		{9276FEA2-50E9-4FC0-B9C7-1BCC652667B4}.Release|x64.Build.0 = Release|x64
		{9276FEA2-50E9-4FC0-B9C7-1BCC652667B4}.Release|x86.ActiveCfg = Release|Win32
		{9276FEA2-50E9-4FC0-B9C7-1BCC652667B4}.Release|x86.Build.0 = Release|Win32
		{E09D98DA-F8D0-4746-BFD1-8A33B9A1F759}.Debug|x64.ActiveCfg = Debug|x64
		{E09D98DA-F8D0-4746-BFD1-8A33B9A1F759}.Debug|x64.Build.0 = Debug|x64
		{E09D98DA-F8D0-4746-BFD1-8A33B9A1F759}.Debug|x86.ActiveCfg = Debug|Win32
		{E09D98DA-F8D0-4746-BFD1-8A33B9A1F759}.Debug|x86.Build.0 = Debug|Win32
		{E09D98DA-F8D0-4746-BFD1-8A33B9A1F759}.Release|x64.ActiveCfg = Release|x64
		{E09D98DA-F8D0-4746-BFD1-8A33B9A1F759}.Release|x64.Build.0 = Release|x64
		{E09D98DA-F8D0-4746-BFD1-8A33B9A1F759}.Release|x86.ActiveCfg = Release|Win32
		{E09D98DA-F8D0-4746-BFD1-8A33B9A1F759}.Release|x86.Build.0 = Release|Win32
		{77CF7001-F9B3-4D88-861E-EE42933D4379}.Debug|x64.ActiveCfg = Debug|x64
		{77CF7001-F9B3-4D88-861E-EE42933D4379}.Debug|x64.Build.0 = Debug|x64
		{77CF7001-F9B3-4D88-861E-EE42933D4379}.Debug|x86.ActiveCfg = Debug|Win32
		{77CF7001-F9B3-4D88-861E-EE42933D4379}.Debug|x86.Build.0 = Debug|Win32
		{77CF7001-F9B3-4D88-861E-EE42933D4379}.Release|x64.ActiveCfg = Release|x64
		{77CF7001-F9B3-4D88-861E-EE42933D4379}.Release|x64.Build.0 = Release|x64
		{77CF7001-F9B3-4D88-861E-EE42933D4379}.Release|x86.ActiveCfg = Release|Win32
		{77CF7001-F9B3-4D88-861E-EE42933D4379}.Release|x86.Build.0 = Release|Win32
		{7D25C02B-FDA7-4D41-8B37-D188DD327A01}.Debug|x64.ActiveCfg = Debug|x64
		{7D25C02B-FDA7-4D41-8B37-D188DD327A01}.Debug|x64.Build.0 = Debug|x64
		{7D25C02B-FDA7-4D41-8B37-D188DD327A01}.Debug|x86.ActiveCfg = Debug|Win32
		{7D25C02B-FDA7-4D41-8B37-D188DD327A01}.Debug|x86.Build.0 = Debug|Win32
		{7D25C02B-FDA7-4D41-8B37-D188DD327A01}.Release|x64.ActiveCfg = Release|x64
		{7D25C02B-FDA7-4D41-8B37-D188DD327A01}.Release|x64.Build.0 = Release|x64
		{7D25C02B-FDA7-4D41-8B37-D188DD327A01}.Release|x86.ActiveCfg = Release|Win32
		{7D25C02B-FDA7-4D41-8B37-D188DD327A01}.Release|x86.Build.0 = Release|Win32
	EndGlobalSection
	GlobalSection(SolutionProperties) = preSolution
		HideSolutionNode = FALSE
	EndGlobalSection
	GlobalSection(ExtensibilityGlobals) = postSolution
		SolutionGuid = {AA00D826-5B85-4233-8F5B-B88A4066F234}
	EndGlobalSection
EndGlobal
