
Microsoft Visual Studio Solution File, Format Version 12.00
# Visual Studio Version 16
VisualStudioVersion = 16.0.29201.188
MinimumVisualStudioVersion = 10.0.40219.1
Project("{8BC9CEB8-8B4A-11D0-8D11-00A0C91BC942}") = "map_set_A1039", "map_set_A1039\map_set_A1039.vcxproj", "{FCC9B351-E24A-44CE-B1BA-1A9E1BCE75FE}"
EndProject
Project("{8BC9CEB8-8B4A-11D0-8D11-00A0C91BC942}") = "vector_A1047", "vector_A1047\vector_A1047.vcxproj", "{09C246DF-B9A7-41DF-8E69-76F17685C652}"
EndProject
Project("{8BC9CEB8-8B4A-11D0-8D11-00A0C91BC942}") = "set_A1063", "set_A1063\set_A1063.vcxproj", "{F270FBBC-BB79-479E-A87B-61D27CE441B5}"
EndProject
Project("{8BC9CEB8-8B4A-11D0-8D11-00A0C91BC942}") = "string_A1060", "string_A1060\string_A1060.vcxproj", "{DCED1EFC-8A3A-4E01-8008-432A5E12DC66}"
EndProject
Global
	GlobalSection(SolutionConfigurationPlatforms) = preSolution
		Debug|x64 = Debug|x64
		Debug|x86 = Debug|x86
		Release|x64 = Release|x64
		Release|x86 = Release|x86
	EndGlobalSection
	GlobalSection(ProjectConfigurationPlatforms) = postSolution
		{FCC9B351-E24A-44CE-B1BA-1A9E1BCE75FE}.Debug|x64.ActiveCfg = Debug|x64
		{FCC9B351-E24A-44CE-B1BA-1A9E1BCE75FE}.Debug|x64.Build.0 = Debug|x64
		{FCC9B351-E24A-44CE-B1BA-1A9E1BCE75FE}.Debug|x86.ActiveCfg = Debug|Win32
		{FCC9B351-E24A-44CE-B1BA-1A9E1BCE75FE}.Debug|x86.Build.0 = Debug|Win32
		{FCC9B351-E24A-44CE-B1BA-1A9E1BCE75FE}.Release|x64.ActiveCfg = Release|x64
		{FCC9B351-E24A-44CE-B1BA-1A9E1BCE75FE}.Release|x64.Build.0 = Release|x64
		{FCC9B351-E24A-44CE-B1BA-1A9E1BCE75FE}.Release|x86.ActiveCfg = Release|Win32
		{FCC9B351-E24A-44CE-B1BA-1A9E1BCE75FE}.Release|x86.Build.0 = Release|Win32
		{09C246DF-B9A7-41DF-8E69-76F17685C652}.Debug|x64.ActiveCfg = Debug|x64
		{09C246DF-B9A7-41DF-8E69-76F17685C652}.Debug|x64.Build.0 = Debug|x64
		{09C246DF-B9A7-41DF-8E69-76F17685C652}.Debug|x86.ActiveCfg = Debug|Win32
		{09C246DF-B9A7-41DF-8E69-76F17685C652}.Debug|x86.Build.0 = Debug|Win32
		{09C246DF-B9A7-41DF-8E69-76F17685C652}.Release|x64.ActiveCfg = Release|x64
		{09C246DF-B9A7-41DF-8E69-76F17685C652}.Release|x64.Build.0 = Release|x64
		{09C246DF-B9A7-41DF-8E69-76F17685C652}.Release|x86.ActiveCfg = Release|Win32
		{09C246DF-B9A7-41DF-8E69-76F17685C652}.Release|x86.Build.0 = Release|Win32
		{F270FBBC-BB79-479E-A87B-61D27CE441B5}.Debug|x64.ActiveCfg = Debug|x64
		{F270FBBC-BB79-479E-A87B-61D27CE441B5}.Debug|x64.Build.0 = Debug|x64
		{F270FBBC-BB79-479E-A87B-61D27CE441B5}.Debug|x86.ActiveCfg = Debug|Win32
		{F270FBBC-BB79-479E-A87B-61D27CE441B5}.Debug|x86.Build.0 = Debug|Win32
		{F270FBBC-BB79-479E-A87B-61D27CE441B5}.Release|x64.ActiveCfg = Release|x64
		{F270FBBC-BB79-479E-A87B-61D27CE441B5}.Release|x64.Build.0 = Release|x64
		{F270FBBC-BB79-479E-A87B-61D27CE441B5}.Release|x86.ActiveCfg = Release|Win32
		{F270FBBC-BB79-479E-A87B-61D27CE441B5}.Release|x86.Build.0 = Release|Win32
		{DCED1EFC-8A3A-4E01-8008-432A5E12DC66}.Debug|x64.ActiveCfg = Debug|x64
		{DCED1EFC-8A3A-4E01-8008-432A5E12DC66}.Debug|x64.Build.0 = Debug|x64
		{DCED1EFC-8A3A-4E01-8008-432A5E12DC66}.Debug|x86.ActiveCfg = Debug|Win32
		{DCED1EFC-8A3A-4E01-8008-432A5E12DC66}.Debug|x86.Build.0 = Debug|Win32
		{DCED1EFC-8A3A-4E01-8008-432A5E12DC66}.Release|x64.ActiveCfg = Release|x64
		{DCED1EFC-8A3A-4E01-8008-432A5E12DC66}.Release|x64.Build.0 = Release|x64
		{DCED1EFC-8A3A-4E01-8008-432A5E12DC66}.Release|x86.ActiveCfg = Release|Win32
		{DCED1EFC-8A3A-4E01-8008-432A5E12DC66}.Release|x86.Build.0 = Release|Win32
	EndGlobalSection
	GlobalSection(SolutionProperties) = preSolution
		HideSolutionNode = FALSE
	EndGlobalSection
	GlobalSection(ExtensibilityGlobals) = postSolution
		SolutionGuid = {73DC9EFE-150E-4827-986C-2F08D7B489B4}
	EndGlobalSection
EndGlobal
