
Microsoft Visual Studio Solution File, Format Version 12.00
# Visual Studio Version 16
VisualStudioVersion = 16.0.29201.188
MinimumVisualStudioVersion = 10.0.40219.1
Project("{8BC9CEB8-8B4A-11D0-8D11-00A0C91BC942}") = "map_set_A1039", "map_set_A1039\map_set_A1039.vcxproj", "{FCC9B351-E24A-44CE-B1BA-1A9E1BCE75FE}"
EndProject
Project("{8BC9CEB8-8B4A-11D0-8D11-00A0C91BC942}") = "vector_A1047", "vector_A1047\vector_A1047.vcxproj", "{09C246DF-B9A7-41DF-8E69-76F17685C652}"
EndProject
Project("{8BC9CEB8-8B4A-11D0-8D11-00A0C91BC942}") = "set_A1063", "set_A1063\set_A1063.vcxproj", "{F270FBBC-BB79-479E-A87B-61D27CE441B5}"
EndProject
Project("{8BC9CEB8-8B4A-11D0-8D11-00A0C91BC942}") = "string_A1060", "string_A1060\string_A1060.vcxproj", "{DCED1EFC-8A3A-4E01-8008-432A5E12DC66}"
EndProject
Project("{8BC9CEB8-8B4A-11D0-8D11-00A0C91BC942}") = "array_string_B1044_A1100", "array_string_B1044_A1100\array_string_B1044_A1100.vcxproj", "{7DA801B2-9D27-415C-8D90-AB1D3B32273F}"
EndProject
Project("{8BC9CEB8-8B4A-11D0-8D11-00A0C91BC942}") = "map_A1054", "map_A1054\map_A1054.vcxproj", "{BD496E15-F88E-4AC8-92A2-D382F3F61F40}"
EndProject
Project("{8BC9CEB8-8B4A-11D0-8D11-00A0C91BC942}") = "map_A1071", "map_A1071\map_A1071.vcxproj", "{E16AEB8D-6E36-49F4-B60C-82EE42276502}"
EndProject
Project("{8BC9CEB8-8B4A-11D0-8D11-00A0C91BC942}") = "map_set_A1022", "map_set_A1022\map_set_A1022.vcxproj", "{374229C6-EEC6-4BB8-A91C-B5414C4F835B}"
EndProject
Project("{8BC9CEB8-8B4A-11D0-8D11-00A0C91BC942}") = "priority_queue_codeup100000601", "priority_queue_codeup100000601\priority_queue_codeup100000601.vcxproj", "{8AAFCCB1-D526-46E4-B50A-C2028A6C36AE}"
EndProject
Global
	GlobalSection(SolutionConfigurationPlatforms) = preSolution
		Debug|x64 = Debug|x64
		Debug|x86 = Debug|x86
		Release|x64 = Release|x64
		Release|x86 = Release|x86
	EndGlobalSection
	GlobalSection(ProjectConfigurationPlatforms) = postSolution
		{FCC9B351-E24A-44CE-B1BA-1A9E1BCE75FE}.Debug|x64.ActiveCfg = Debug|x64
		{FCC9B351-E24A-44CE-B1BA-1A9E1BCE75FE}.Debug|x64.Build.0 = Debug|x64
		{FCC9B351-E24A-44CE-B1BA-1A9E1BCE75FE}.Debug|x86.ActiveCfg = Debug|Win32
		{FCC9B351-E24A-44CE-B1BA-1A9E1BCE75FE}.Debug|x86.Build.0 = Debug|Win32
		{FCC9B351-E24A-44CE-B1BA-1A9E1BCE75FE}.Release|x64.ActiveCfg = Release|x64
		{FCC9B351-E24A-44CE-B1BA-1A9E1BCE75FE}.Release|x64.Build.0 = Release|x64
		{FCC9B351-E24A-44CE-B1BA-1A9E1BCE75FE}.Release|x86.ActiveCfg = Release|Win32
		{FCC9B351-E24A-44CE-B1BA-1A9E1BCE75FE}.Release|x86.Build.0 = Release|Win32
		{09C246DF-B9A7-41DF-8E69-76F17685C652}.Debug|x64.ActiveCfg = Debug|x64
		{09C246DF-B9A7-41DF-8E69-76F17685C652}.Debug|x64.Build.0 = Debug|x64
		{09C246DF-B9A7-41DF-8E69-76F17685C652}.Debug|x86.ActiveCfg = Debug|Win32
		{09C246DF-B9A7-41DF-8E69-76F17685C652}.Debug|x86.Build.0 = Debug|Win32
		{09C246DF-B9A7-41DF-8E69-76F17685C652}.Release|x64.ActiveCfg = Release|x64
		{09C246DF-B9A7-41DF-8E69-76F17685C652}.Release|x64.Build.0 = Release|x64
		{09C246DF-B9A7-41DF-8E69-76F17685C652}.Release|x86.ActiveCfg = Release|Win32
		{09C246DF-B9A7-41DF-8E69-76F17685C652}.Release|x86.Build.0 = Release|Win32
		{F270FBBC-BB79-479E-A87B-61D27CE441B5}.Debug|x64.ActiveCfg = Debug|x64
		{F270FBBC-BB79-479E-A87B-61D27CE441B5}.Debug|x64.Build.0 = Debug|x64
		{F270FBBC-BB79-479E-A87B-61D27CE441B5}.Debug|x86.ActiveCfg = Debug|Win32
		{F270FBBC-BB79-479E-A87B-61D27CE441B5}.Debug|x86.Build.0 = Debug|Win32
		{F270FBBC-BB79-479E-A87B-61D27CE441B5}.Release|x64.ActiveCfg = Release|x64
		{F270FBBC-BB79-479E-A87B-61D27CE441B5}.Release|x64.Build.0 = Release|x64
		{F270FBBC-BB79-479E-A87B-61D27CE441B5}.Release|x86.ActiveCfg = Release|Win32
		{F270FBBC-BB79-479E-A87B-61D27CE441B5}.Release|x86.Build.0 = Release|Win32
		{DCED1EFC-8A3A-4E01-8008-432A5E12DC66}.Debug|x64.ActiveCfg = Debug|x64
		{DCED1EFC-8A3A-4E01-8008-432A5E12DC66}.Debug|x64.Build.0 = Debug|x64
		{DCED1EFC-8A3A-4E01-8008-432A5E12DC66}.Debug|x86.ActiveCfg = Debug|Win32
		{DCED1EFC-8A3A-4E01-8008-432A5E12DC66}.Debug|x86.Build.0 = Debug|Win32
		{DCED1EFC-8A3A-4E01-8008-432A5E12DC66}.Release|x64.ActiveCfg = Release|x64
		{DCED1EFC-8A3A-4E01-8008-432A5E12DC66}.Release|x64.Build.0 = Release|x64
		{DCED1EFC-8A3A-4E01-8008-432A5E12DC66}.Release|x86.ActiveCfg = Release|Win32
		{DCED1EFC-8A3A-4E01-8008-432A5E12DC66}.Release|x86.Build.0 = Release|Win32
		{7DA801B2-9D27-415C-8D90-AB1D3B32273F}.Debug|x64.ActiveCfg = Debug|x64
		{7DA801B2-9D27-415C-8D90-AB1D3B32273F}.Debug|x64.Build.0 = Debug|x64
		{7DA801B2-9D27-415C-8D90-AB1D3B32273F}.Debug|x86.ActiveCfg = Debug|Win32
		{7DA801B2-9D27-415C-8D90-AB1D3B32273F}.Debug|x86.Build.0 = Debug|Win32
		{7DA801B2-9D27-415C-8D90-AB1D3B32273F}.Release|x64.ActiveCfg = Release|x64
		{7DA801B2-9D27-415C-8D90-AB1D3B32273F}.Release|x64.Build.0 = Release|x64
		{7DA801B2-9D27-415C-8D90-AB1D3B32273F}.Release|x86.ActiveCfg = Release|Win32
		{7DA801B2-9D27-415C-8D90-AB1D3B32273F}.Release|x86.Build.0 = Release|Win32
		{BD496E15-F88E-4AC8-92A2-D382F3F61F40}.Debug|x64.ActiveCfg = Debug|x64
		{BD496E15-F88E-4AC8-92A2-D382F3F61F40}.Debug|x64.Build.0 = Debug|x64
		{BD496E15-F88E-4AC8-92A2-D382F3F61F40}.Debug|x86.ActiveCfg = Debug|Win32
		{BD496E15-F88E-4AC8-92A2-D382F3F61F40}.Debug|x86.Build.0 = Debug|Win32
		{BD496E15-F88E-4AC8-92A2-D382F3F61F40}.Release|x64.ActiveCfg = Release|x64
		{BD496E15-F88E-4AC8-92A2-D382F3F61F40}.Release|x64.Build.0 = Release|x64
		{BD496E15-F88E-4AC8-92A2-D382F3F61F40}.Release|x86.ActiveCfg = Release|Win32
		{BD496E15-F88E-4AC8-92A2-D382F3F61F40}.Release|x86.Build.0 = Release|Win32
		{E16AEB8D-6E36-49F4-B60C-82EE42276502}.Debug|x64.ActiveCfg = Debug|x64
		{E16AEB8D-6E36-49F4-B60C-82EE42276502}.Debug|x64.Build.0 = Debug|x64
		{E16AEB8D-6E36-49F4-B60C-82EE42276502}.Debug|x86.ActiveCfg = Debug|Win32
		{E16AEB8D-6E36-49F4-B60C-82EE42276502}.Debug|x86.Build.0 = Debug|Win32
		{E16AEB8D-6E36-49F4-B60C-82EE42276502}.Release|x64.ActiveCfg = Release|x64
		{E16AEB8D-6E36-49F4-B60C-82EE42276502}.Release|x64.Build.0 = Release|x64
		{E16AEB8D-6E36-49F4-B60C-82EE42276502}.Release|x86.ActiveCfg = Release|Win32
		{E16AEB8D-6E36-49F4-B60C-82EE42276502}.Release|x86.Build.0 = Release|Win32
		{374229C6-EEC6-4BB8-A91C-B5414C4F835B}.Debug|x64.ActiveCfg = Debug|x64
		{374229C6-EEC6-4BB8-A91C-B5414C4F835B}.Debug|x64.Build.0 = Debug|x64
		{374229C6-EEC6-4BB8-A91C-B5414C4F835B}.Debug|x86.ActiveCfg = Debug|Win32
		{374229C6-EEC6-4BB8-A91C-B5414C4F835B}.Debug|x86.Build.0 = Debug|Win32
		{374229C6-EEC6-4BB8-A91C-B5414C4F835B}.Release|x64.ActiveCfg = Release|x64
		{374229C6-EEC6-4BB8-A91C-B5414C4F835B}.Release|x64.Build.0 = Release|x64
		{374229C6-EEC6-4BB8-A91C-B5414C4F835B}.Release|x86.ActiveCfg = Release|Win32
		{374229C6-EEC6-4BB8-A91C-B5414C4F835B}.Release|x86.Build.0 = Release|Win32
		{8AAFCCB1-D526-46E4-B50A-C2028A6C36AE}.Debug|x64.ActiveCfg = Debug|x64
		{8AAFCCB1-D526-46E4-B50A-C2028A6C36AE}.Debug|x64.Build.0 = Debug|x64
		{8AAFCCB1-D526-46E4-B50A-C2028A6C36AE}.Debug|x86.ActiveCfg = Debug|Win32
		{8AAFCCB1-D526-46E4-B50A-C2028A6C36AE}.Debug|x86.Build.0 = Debug|Win32
		{8AAFCCB1-D526-46E4-B50A-C2028A6C36AE}.Release|x64.ActiveCfg = Release|x64
		{8AAFCCB1-D526-46E4-B50A-C2028A6C36AE}.Release|x64.Build.0 = Release|x64
		{8AAFCCB1-D526-46E4-B50A-C2028A6C36AE}.Release|x86.ActiveCfg = Release|Win32
		{8AAFCCB1-D526-46E4-B50A-C2028A6C36AE}.Release|x86.Build.0 = Release|Win32
	EndGlobalSection
	GlobalSection(SolutionProperties) = preSolution
		HideSolutionNode = FALSE
	EndGlobalSection
	GlobalSection(ExtensibilityGlobals) = postSolution
		SolutionGuid = {73DC9EFE-150E-4827-986C-2F08D7B489B4}
	EndGlobalSection
EndGlobal
