
Microsoft Visual Studio Solution File, Format Version 12.00
# Visual Studio Version 16
VisualStudioVersion = 16.0.29201.188
MinimumVisualStudioVersion = 10.0.40219.1
Project("{8BC9CEB8-8B4A-11D0-8D11-00A0C91BC942}") = "深度优先搜索A1103", "深度优先搜索A1103\深度优先搜索A1103.vcxproj", "{09C246DF-B9A7-41DF-8E69-76F17685C652}"
EndProject
Project("{8BC9CEB8-8B4A-11D0-8D11-00A0C91BC942}") = "广度优先搜索A1091", "广度优先搜索A1091\广度优先搜索A1091.vcxproj", "{EE8C6048-C63E-4081-8167-45CEE4800E6D}"
EndProject
Project("{8BC9CEB8-8B4A-11D0-8D11-00A0C91BC942}") = "深度优先搜索codeup5972", "深度优先搜索codeup5972\深度优先搜索codeup5972.vcxproj", "{53775662-74F1-43BF-B751-AC6662B07B1A}"
EndProject
Project("{8BC9CEB8-8B4A-11D0-8D11-00A0C91BC942}") = "深度优先搜索codeup5973", "深度优先搜索codeup5973\深度优先搜索codeup5973.vcxproj", "{2BCF2FD4-BB7B-4664-9B5B-26569FEB8E35}"
EndProject
Project("{8BC9CEB8-8B4A-11D0-8D11-00A0C91BC942}") = "深度优先搜索codeup5974", "深度优先搜索codeup5974\深度优先搜索codeup5974.vcxproj", "{DF03C0DF-1101-4834-9E5D-0102CFCD9B45}"
EndProject
Project("{8BC9CEB8-8B4A-11D0-8D11-00A0C91BC942}") = "深度优先搜索codeup5976", "深度优先搜索codeup5976\深度优先搜索codeup5976.vcxproj", "{EFC5A5B5-9775-40AA-8E44-20C991BF42BF}"
EndProject
Project("{8BC9CEB8-8B4A-11D0-8D11-00A0C91BC942}") = "深度优先搜索codeup5977", "深度优先搜索codeup5977\深度优先搜索codeup5977.vcxproj", "{0030BEFA-35E4-4FBF-B126-B2544B55F6B0}"
EndProject
Project("{8BC9CEB8-8B4A-11D0-8D11-00A0C91BC942}") = "深度优先搜索codeup5978", "深度优先搜索codeup5978\深度优先搜索codeup5978.vcxproj", "{5D5BAC75-26FB-4624-A999-6435C9C34561}"
EndProject
Project("{8BC9CEB8-8B4A-11D0-8D11-00A0C91BC942}") = "广度优先搜索codeup2078", "广度优先搜索codeup2078\广度优先搜索codeup2078.vcxproj", "{CDC6C5E0-CB2B-49A5-BF06-6FB3BA9828F3}"
EndProject
Global
	GlobalSection(SolutionConfigurationPlatforms) = preSolution
		Debug|x64 = Debug|x64
		Debug|x86 = Debug|x86
		Release|x64 = Release|x64
		Release|x86 = Release|x86
	EndGlobalSection
	GlobalSection(ProjectConfigurationPlatforms) = postSolution
		{09C246DF-B9A7-41DF-8E69-76F17685C652}.Debug|x64.ActiveCfg = Debug|x64
		{09C246DF-B9A7-41DF-8E69-76F17685C652}.Debug|x64.Build.0 = Debug|x64
		{09C246DF-B9A7-41DF-8E69-76F17685C652}.Debug|x86.ActiveCfg = Debug|Win32
		{09C246DF-B9A7-41DF-8E69-76F17685C652}.Debug|x86.Build.0 = Debug|Win32
		{09C246DF-B9A7-41DF-8E69-76F17685C652}.Release|x64.ActiveCfg = Release|x64
		{09C246DF-B9A7-41DF-8E69-76F17685C652}.Release|x64.Build.0 = Release|x64
		{09C246DF-B9A7-41DF-8E69-76F17685C652}.Release|x86.ActiveCfg = Release|Win32
		{09C246DF-B9A7-41DF-8E69-76F17685C652}.Release|x86.Build.0 = Release|Win32
		{EE8C6048-C63E-4081-8167-45CEE4800E6D}.Debug|x64.ActiveCfg = Debug|x64
		{EE8C6048-C63E-4081-8167-45CEE4800E6D}.Debug|x64.Build.0 = Debug|x64
		{EE8C6048-C63E-4081-8167-45CEE4800E6D}.Debug|x86.ActiveCfg = Debug|Win32
		{EE8C6048-C63E-4081-8167-45CEE4800E6D}.Debug|x86.Build.0 = Debug|Win32
		{EE8C6048-C63E-4081-8167-45CEE4800E6D}.Release|x64.ActiveCfg = Release|x64
		{EE8C6048-C63E-4081-8167-45CEE4800E6D}.Release|x64.Build.0 = Release|x64
		{EE8C6048-C63E-4081-8167-45CEE4800E6D}.Release|x86.ActiveCfg = Release|Win32
		{EE8C6048-C63E-4081-8167-45CEE4800E6D}.Release|x86.Build.0 = Release|Win32
		{53775662-74F1-43BF-B751-AC6662B07B1A}.Debug|x64.ActiveCfg = Debug|x64
		{53775662-74F1-43BF-B751-AC6662B07B1A}.Debug|x64.Build.0 = Debug|x64
		{53775662-74F1-43BF-B751-AC6662B07B1A}.Debug|x86.ActiveCfg = Debug|Win32
		{53775662-74F1-43BF-B751-AC6662B07B1A}.Debug|x86.Build.0 = Debug|Win32
		{53775662-74F1-43BF-B751-AC6662B07B1A}.Release|x64.ActiveCfg = Release|x64
		{53775662-74F1-43BF-B751-AC6662B07B1A}.Release|x64.Build.0 = Release|x64
		{53775662-74F1-43BF-B751-AC6662B07B1A}.Release|x86.ActiveCfg = Release|Win32
		{53775662-74F1-43BF-B751-AC6662B07B1A}.Release|x86.Build.0 = Release|Win32
		{2BCF2FD4-BB7B-4664-9B5B-26569FEB8E35}.Debug|x64.ActiveCfg = Debug|x64
		{2BCF2FD4-BB7B-4664-9B5B-26569FEB8E35}.Debug|x64.Build.0 = Debug|x64
		{2BCF2FD4-BB7B-4664-9B5B-26569FEB8E35}.Debug|x86.ActiveCfg = Debug|Win32
		{2BCF2FD4-BB7B-4664-9B5B-26569FEB8E35}.Debug|x86.Build.0 = Debug|Win32
		{2BCF2FD4-BB7B-4664-9B5B-26569FEB8E35}.Release|x64.ActiveCfg = Release|x64
		{2BCF2FD4-BB7B-4664-9B5B-26569FEB8E35}.Release|x64.Build.0 = Release|x64
		{2BCF2FD4-BB7B-4664-9B5B-26569FEB8E35}.Release|x86.ActiveCfg = Release|Win32
		{2BCF2FD4-BB7B-4664-9B5B-26569FEB8E35}.Release|x86.Build.0 = Release|Win32
		{DF03C0DF-1101-4834-9E5D-0102CFCD9B45}.Debug|x64.ActiveCfg = Debug|x64
		{DF03C0DF-1101-4834-9E5D-0102CFCD9B45}.Debug|x64.Build.0 = Debug|x64
		{DF03C0DF-1101-4834-9E5D-0102CFCD9B45}.Debug|x86.ActiveCfg = Debug|Win32
		{DF03C0DF-1101-4834-9E5D-0102CFCD9B45}.Debug|x86.Build.0 = Debug|Win32
		{DF03C0DF-1101-4834-9E5D-0102CFCD9B45}.Release|x64.ActiveCfg = Release|x64
		{DF03C0DF-1101-4834-9E5D-0102CFCD9B45}.Release|x64.Build.0 = Release|x64
		{DF03C0DF-1101-4834-9E5D-0102CFCD9B45}.Release|x86.ActiveCfg = Release|Win32
		{DF03C0DF-1101-4834-9E5D-0102CFCD9B45}.Release|x86.Build.0 = Release|Win32
		{EFC5A5B5-9775-40AA-8E44-20C991BF42BF}.Debug|x64.ActiveCfg = Debug|x64
		{EFC5A5B5-9775-40AA-8E44-20C991BF42BF}.Debug|x64.Build.0 = Debug|x64
		{EFC5A5B5-9775-40AA-8E44-20C991BF42BF}.Debug|x86.ActiveCfg = Debug|Win32
		{EFC5A5B5-9775-40AA-8E44-20C991BF42BF}.Debug|x86.Build.0 = Debug|Win32
		{EFC5A5B5-9775-40AA-8E44-20C991BF42BF}.Release|x64.ActiveCfg = Release|x64
		{EFC5A5B5-9775-40AA-8E44-20C991BF42BF}.Release|x64.Build.0 = Release|x64
		{EFC5A5B5-9775-40AA-8E44-20C991BF42BF}.Release|x86.ActiveCfg = Release|Win32
		{EFC5A5B5-9775-40AA-8E44-20C991BF42BF}.Release|x86.Build.0 = Release|Win32
		{0030BEFA-35E4-4FBF-B126-B2544B55F6B0}.Debug|x64.ActiveCfg = Debug|x64
		{0030BEFA-35E4-4FBF-B126-B2544B55F6B0}.Debug|x64.Build.0 = Debug|x64
		{0030BEFA-35E4-4FBF-B126-B2544B55F6B0}.Debug|x86.ActiveCfg = Debug|Win32
		{0030BEFA-35E4-4FBF-B126-B2544B55F6B0}.Debug|x86.Build.0 = Debug|Win32
		{0030BEFA-35E4-4FBF-B126-B2544B55F6B0}.Release|x64.ActiveCfg = Release|x64
		{0030BEFA-35E4-4FBF-B126-B2544B55F6B0}.Release|x64.Build.0 = Release|x64
		{0030BEFA-35E4-4FBF-B126-B2544B55F6B0}.Release|x86.ActiveCfg = Release|Win32
		{0030BEFA-35E4-4FBF-B126-B2544B55F6B0}.Release|x86.Build.0 = Release|Win32
		{5D5BAC75-26FB-4624-A999-6435C9C34561}.Debug|x64.ActiveCfg = Debug|x64
		{5D5BAC75-26FB-4624-A999-6435C9C34561}.Debug|x64.Build.0 = Debug|x64
		{5D5BAC75-26FB-4624-A999-6435C9C34561}.Debug|x86.ActiveCfg = Debug|Win32
		{5D5BAC75-26FB-4624-A999-6435C9C34561}.Debug|x86.Build.0 = Debug|Win32
		{5D5BAC75-26FB-4624-A999-6435C9C34561}.Release|x64.ActiveCfg = Release|x64
		{5D5BAC75-26FB-4624-A999-6435C9C34561}.Release|x64.Build.0 = Release|x64
		{5D5BAC75-26FB-4624-A999-6435C9C34561}.Release|x86.ActiveCfg = Release|Win32
		{5D5BAC75-26FB-4624-A999-6435C9C34561}.Release|x86.Build.0 = Release|Win32
		{CDC6C5E0-CB2B-49A5-BF06-6FB3BA9828F3}.Debug|x64.ActiveCfg = Debug|x64
		{CDC6C5E0-CB2B-49A5-BF06-6FB3BA9828F3}.Debug|x64.Build.0 = Debug|x64
		{CDC6C5E0-CB2B-49A5-BF06-6FB3BA9828F3}.Debug|x86.ActiveCfg = Debug|Win32
		{CDC6C5E0-CB2B-49A5-BF06-6FB3BA9828F3}.Debug|x86.Build.0 = Debug|Win32
		{CDC6C5E0-CB2B-49A5-BF06-6FB3BA9828F3}.Release|x64.ActiveCfg = Release|x64
		{CDC6C5E0-CB2B-49A5-BF06-6FB3BA9828F3}.Release|x64.Build.0 = Release|x64
		{CDC6C5E0-CB2B-49A5-BF06-6FB3BA9828F3}.Release|x86.ActiveCfg = Release|Win32
		{CDC6C5E0-CB2B-49A5-BF06-6FB3BA9828F3}.Release|x86.Build.0 = Release|Win32
	EndGlobalSection
	GlobalSection(SolutionProperties) = preSolution
		HideSolutionNode = FALSE
	EndGlobalSection
	GlobalSection(ExtensibilityGlobals) = postSolution
		SolutionGuid = {74A2AF37-D32C-4B3F-9C75-2F72947826CE}
	EndGlobalSection
EndGlobal
